// !$*UTF8*$!
{
	archiveVersion = 1;
	classes = {
	};
	objectVersion = 54;
	objects = {

/* Begin PBXBuildFile section */
		161A69E524C7B84B00E5A5AE /* SettingsViewController.swift in Sources */ = {isa = PBXBuildFile; fileRef = 161A69E424C7B84B00E5A5AE /* SettingsViewController.swift */; };
		16429D04247E43720052E47C /* Habit.swift in Sources */ = {isa = PBXBuildFile; fileRef = 16429D03247E43720052E47C /* Habit.swift */; };
		16429D07247E81630052E47C /* WakeUpIntroController.swift in Sources */ = {isa = PBXBuildFile; fileRef = 16429D06247E81630052E47C /* WakeUpIntroController.swift */; };
		164905B727E18732002DE61D /* LoginViewController.swift in Sources */ = {isa = PBXBuildFile; fileRef = 164905B627E18732002DE61D /* LoginViewController.swift */; };
		1649A46A27DEAD1900B75481 /* HeaderView.swift in Sources */ = {isa = PBXBuildFile; fileRef = 1649A46827DEAD1900B75481 /* HeaderView.swift */; };
		164F62F324DF7BFC00DC8169 /* NotificationsController.swift in Sources */ = {isa = PBXBuildFile; fileRef = 164F62F224DF7BFC00DC8169 /* NotificationsController.swift */; };
		164F630124EA2E0900DC8169 /* FirstScreenViewController.swift in Sources */ = {isa = PBXBuildFile; fileRef = 164F630024EA2E0900DC8169 /* FirstScreenViewController.swift */; };
		16547B6D24DA4AC000E68E4D /* ThemesViewController.swift in Sources */ = {isa = PBXBuildFile; fileRef = 16547B6C24DA4AC000E68E4D /* ThemesViewController.swift */; };
		165A6C79248A6F5C004279B0 /* CourseCell.swift in Sources */ = {isa = PBXBuildFile; fileRef = 165A6C77248A6F5C004279B0 /* CourseCell.swift */; };
		165A6C7A248A6F5C004279B0 /* CourseCell.xib in Resources */ = {isa = PBXBuildFile; fileRef = 165A6C78248A6F5C004279B0 /* CourseCell.xib */; };
		166F53D125BC93320065963D /* TabBarController.swift in Sources */ = {isa = PBXBuildFile; fileRef = 166F53D025BC93320065963D /* TabBarController.swift */; };
		16827D1A27F58B9A0001D1EF /* AuthViewController.swift in Sources */ = {isa = PBXBuildFile; fileRef = 16827D1927F58B9A0001D1EF /* AuthViewController.swift */; };
		1686DB6B248267EC00FA99DB /* PickerTest.swift in Sources */ = {isa = PBXBuildFile; fileRef = 1686DB6A248267EC00FA99DB /* PickerTest.swift */; };
		168EE1C32655E2CF009A8001 /* RecurringStudiumEvent.swift in Sources */ = {isa = PBXBuildFile; fileRef = 168EE1C22655E2CF009A8001 /* RecurringStudiumEvent.swift */; };
		1693E731247A3DC4003D4702 /* AppDelegate.swift in Sources */ = {isa = PBXBuildFile; fileRef = 1693E730247A3DC4003D4702 /* AppDelegate.swift */; };
		1693E733247A3DC4003D4702 /* SceneDelegate.swift in Sources */ = {isa = PBXBuildFile; fileRef = 1693E732247A3DC4003D4702 /* SceneDelegate.swift */; };
		1693E735247A3DC4003D4702 /* CalendarViewController.swift in Sources */ = {isa = PBXBuildFile; fileRef = 1693E734247A3DC4003D4702 /* CalendarViewController.swift */; };
		1693E738247A3DC4003D4702 /* Main.storyboard in Resources */ = {isa = PBXBuildFile; fileRef = 1693E736247A3DC4003D4702 /* Main.storyboard */; };
		1693E73A247A3DC6003D4702 /* Assets.xcassets in Resources */ = {isa = PBXBuildFile; fileRef = 1693E739247A3DC6003D4702 /* Assets.xcassets */; };
		1693E73D247A3DC6003D4702 /* LaunchScreen.storyboard in Resources */ = {isa = PBXBuildFile; fileRef = 1693E73B247A3DC6003D4702 /* LaunchScreen.storyboard */; };
		1693E746247A4152003D4702 /* CoursesViewController.swift in Sources */ = {isa = PBXBuildFile; fileRef = 1693E745247A4152003D4702 /* CoursesViewController.swift */; };
		1693E748247A417B003D4702 /* HabitsViewController.swift in Sources */ = {isa = PBXBuildFile; fileRef = 1693E747247A417B003D4702 /* HabitsViewController.swift */; };
		1693E74A247A41A5003D4702 /* DayScheduleViewController.swift in Sources */ = {isa = PBXBuildFile; fileRef = 1693E749247A41A5003D4702 /* DayScheduleViewController.swift */; };
		1693E74E247A464F003D4702 /* Course.swift in Sources */ = {isa = PBXBuildFile; fileRef = 1693E74D247A464F003D4702 /* Course.swift */; };
		1693E750247A4660003D4702 /* Assignment.swift in Sources */ = {isa = PBXBuildFile; fileRef = 1693E74F247A4660003D4702 /* Assignment.swift */; };
		1693E752247A487C003D4702 /* SwipeTableViewController.swift in Sources */ = {isa = PBXBuildFile; fileRef = 1693E751247A487C003D4702 /* SwipeTableViewController.swift */; };
		1693E757247A4BCB003D4702 /* AssignmentsOnlyViewController.swift in Sources */ = {isa = PBXBuildFile; fileRef = 1693E756247A4BCB003D4702 /* AssignmentsOnlyViewController.swift */; };
		1693E759247A59B2003D4702 /* ToDoListViewController.swift in Sources */ = {isa = PBXBuildFile; fileRef = 1693E758247A59B2003D4702 /* ToDoListViewController.swift */; };
		1697F7F0266C6B6D0064AB28 /* StartViewController.swift in Sources */ = {isa = PBXBuildFile; fileRef = 1697F7EF266C6B6D0064AB28 /* StartViewController.swift */; };
		16A63B7C24A01289003A30D3 /* HabitCell.swift in Sources */ = {isa = PBXBuildFile; fileRef = 16A63B7A24A01289003A30D3 /* HabitCell.swift */; };
		16A63B7D24A01289003A30D3 /* HabitCell.xib in Resources */ = {isa = PBXBuildFile; fileRef = 16A63B7B24A01289003A30D3 /* HabitCell.xib */; };
		16A63B8124AA8059003A30D3 /* OtherEvent.swift in Sources */ = {isa = PBXBuildFile; fileRef = 16A63B8024AA8059003A30D3 /* OtherEvent.swift */; };
		16A63B8424AA85A7003A30D3 /* OtherEventCell.swift in Sources */ = {isa = PBXBuildFile; fileRef = 16A63B8224AA85A7003A30D3 /* OtherEventCell.swift */; };
		16A63B8524AA85A7003A30D3 /* OtherEventCell.xib in Resources */ = {isa = PBXBuildFile; fileRef = 16A63B8324AA85A7003A30D3 /* OtherEventCell.xib */; };
		16A63B8724AAD263003A30D3 /* DeletableEventCell.swift in Sources */ = {isa = PBXBuildFile; fileRef = 16A63B8624AAD263003A30D3 /* DeletableEventCell.swift */; };
		16C05CF4264F37B8004C9629 /* RecurringEventCell.swift in Sources */ = {isa = PBXBuildFile; fileRef = 16C05CF2264F37B8004C9629 /* RecurringEventCell.swift */; };
		16C05CF5264F37B8004C9629 /* RecurringEventCell.xib in Resources */ = {isa = PBXBuildFile; fileRef = 16C05CF3264F37B8004C9629 /* RecurringEventCell.xib */; };
		16C05CF7264F3AF3004C9629 /* TestViewController.swift in Sources */ = {isa = PBXBuildFile; fileRef = 16C05CF6264F3AF3004C9629 /* TestViewController.swift */; };
		16C05CFA264F5ABC004C9629 /* AssignmentCell1.swift in Sources */ = {isa = PBXBuildFile; fileRef = 16C05CF8264F5ABC004C9629 /* AssignmentCell1.swift */; };
		16C05CFB264F5ABC004C9629 /* AssignmentCell1.xib in Resources */ = {isa = PBXBuildFile; fileRef = 16C05CF9264F5ABC004C9629 /* AssignmentCell1.xib */; };
		16C607EB250E985000983C3D /* GlacialIndifference-Italic.otf in Resources */ = {isa = PBXBuildFile; fileRef = 16C607E8250E985000983C3D /* GlacialIndifference-Italic.otf */; };
		16C607EC250E985000983C3D /* GlacialIndifference-Regular.otf in Resources */ = {isa = PBXBuildFile; fileRef = 16C607E9250E985000983C3D /* GlacialIndifference-Regular.otf */; };
		16C607ED250E985000983C3D /* GlacialIndifference-Bold.otf in Resources */ = {isa = PBXBuildFile; fileRef = 16C607EA250E985000983C3D /* GlacialIndifference-Bold.otf */; };
		16C60FB225C5F7FB006D0FFC /* StudiumEvent.swift in Sources */ = {isa = PBXBuildFile; fileRef = 16C60FB125C5F7FB006D0FFC /* StudiumEvent.swift */; };
		16C60FEB25C76CE9006D0FFC /* RegisterViewController.swift in Sources */ = {isa = PBXBuildFile; fileRef = 16C60FEA25C76CE9006D0FFC /* RegisterViewController.swift */; };
		16E7B23027D1EF8D00AAE756 /* GenericTableViewCell.swift in Sources */ = {isa = PBXBuildFile; fileRef = 16E7B22E27D1EF8D00AAE756 /* GenericTableViewCell.swift */; };
		16E7B23127D1EF8D00AAE756 /* GenericTableViewCell.xib in Resources */ = {isa = PBXBuildFile; fileRef = 16E7B22F27D1EF8D00AAE756 /* GenericTableViewCell.xib */; };
		77658A281C6CB08EA3EDC2DE /* Pods_Studium.framework in Frameworks */ = {isa = PBXBuildFile; fileRef = 3CDE7A6B2623F1D791D27BAD /* Pods_Studium.framework */; };
		B90D13FA29845FE80093EB0C /* AddHabitViewController.swift in Sources */ = {isa = PBXBuildFile; fileRef = B90D13F329845FE80093EB0C /* AddHabitViewController.swift */; };
		B90D13FB29845FE80093EB0C /* AddCourseViewController.swift in Sources */ = {isa = PBXBuildFile; fileRef = B90D13F429845FE80093EB0C /* AddCourseViewController.swift */; };
		B90D13FC29845FE80093EB0C /* MasterForm.swift in Sources */ = {isa = PBXBuildFile; fileRef = B90D13F529845FE80093EB0C /* MasterForm.swift */; };
		B90D13FD29845FE80093EB0C /* LogoSelectorViewController.swift in Sources */ = {isa = PBXBuildFile; fileRef = B90D13F629845FE80093EB0C /* LogoSelectorViewController.swift */; };
		B90D13FE29845FE80093EB0C /* AddToDoListEventViewController.swift in Sources */ = {isa = PBXBuildFile; fileRef = B90D13F729845FE80093EB0C /* AddToDoListEventViewController.swift */; };
		B90D13FF29845FE80093EB0C /* AlertTableViewController.swift in Sources */ = {isa = PBXBuildFile; fileRef = B90D13F829845FE80093EB0C /* AlertTableViewController.swift */; };
		B90D140029845FE80093EB0C /* AddAssignmentViewController.swift in Sources */ = {isa = PBXBuildFile; fileRef = B90D13F929845FE80093EB0C /* AddAssignmentViewController.swift */; };
		B90D1440298999AB0093EB0C /* StudiumFormError.swift in Sources */ = {isa = PBXBuildFile; fileRef = B90D143F298999AB0093EB0C /* StudiumFormError.swift */; };
		B90D144229899C310093EB0C /* Weekday.swift in Sources */ = {isa = PBXBuildFile; fileRef = B90D144129899C310093EB0C /* Weekday.swift */; };
		B90D1445298AFDE00093EB0C /* FormCell.swift in Sources */ = {isa = PBXBuildFile; fileRef = B90D1444298AFDE00093EB0C /* FormCell.swift */; };
		B90D1447298C6EA50093EB0C /* AuthenticationService.swift in Sources */ = {isa = PBXBuildFile; fileRef = B90D1446298C6EA50093EB0C /* AuthenticationService.swift */; };
		B90D1449298C77B80093EB0C /* NotificationService.swift in Sources */ = {isa = PBXBuildFile; fileRef = B90D1448298C77B80093EB0C /* NotificationService.swift */; };
		B96E6A5C298323DD00A25457 /* DatabaseService.swift in Sources */ = {isa = PBXBuildFile; fileRef = B96E6A5B298323DD00A25457 /* DatabaseService.swift */; };
		B96E6A9C298456A500A25457 /* K.swift in Sources */ = {isa = PBXBuildFile; fileRef = B96E6A9B298456A500A25457 /* K.swift */; };
		B97BB08229F7006E008F1A5B /* UserSettings.swift in Sources */ = {isa = PBXBuildFile; fileRef = B97BB08129F7006E008F1A5B /* UserSettings.swift */; };
		B97BB08429F74628008F1A5B /* Debuggable.swift in Sources */ = {isa = PBXBuildFile; fileRef = B97BB08329F74628008F1A5B /* Debuggable.swift */; };
		B97BB0972A00CBF9008F1A5B /* AutoscheduleServiceTests.swift in Sources */ = {isa = PBXBuildFile; fileRef = B97BB0962A00CBF9008F1A5B /* AutoscheduleServiceTests.swift */; };
		B97BB09F2A00D19D008F1A5B /* MockAutoscheduleService.swift in Sources */ = {isa = PBXBuildFile; fileRef = B97BB09E2A00D19D008F1A5B /* MockAutoscheduleService.swift */; };
		B97BB0A12A00D29A008F1A5B /* MockDatabaseService.swift in Sources */ = {isa = PBXBuildFile; fileRef = B97BB0A02A00D29A008F1A5B /* MockDatabaseService.swift */; };
		B97BB0A32A00E248008F1A5B /* DateTests.swift in Sources */ = {isa = PBXBuildFile; fileRef = B97BB0A22A00E248008F1A5B /* DateTests.swift */; };
		B97BB0A72A00EA0D008F1A5B /* AppleCalendarService.swift in Sources */ = {isa = PBXBuildFile; fileRef = B97BB0A62A00EA0D008F1A5B /* AppleCalendarService.swift */; };
		B97BB0AC2A022B30008F1A5B /* String_Extension.swift in Sources */ = {isa = PBXBuildFile; fileRef = B97BB0AB2A022B30008F1A5B /* String_Extension.swift */; };
		B97BB0AE2A022B37008F1A5B /* Date_Extension.swift in Sources */ = {isa = PBXBuildFile; fileRef = B97BB0AD2A022B37008F1A5B /* Date_Extension.swift */; };
		B97BB0B02A022B5C008F1A5B /* UIColor_Extension.swift in Sources */ = {isa = PBXBuildFile; fileRef = B97BB0AF2A022B5C008F1A5B /* UIColor_Extension.swift */; };
		B97BB0B22A0399FB008F1A5B /* UIViewController_Extension.swift in Sources */ = {isa = PBXBuildFile; fileRef = B97BB0B12A0399FB008F1A5B /* UIViewController_Extension.swift */; };
		B97BB0B72A075CB4008F1A5B /* DaySchedulable.swift in Sources */ = {isa = PBXBuildFile; fileRef = B97BB0B62A075CB4008F1A5B /* DaySchedulable.swift */; };
		B97BB1672A0EF864008F1A5B /* AssignmentsViewController.swift in Sources */ = {isa = PBXBuildFile; fileRef = B97BB1662A0EF864008F1A5B /* AssignmentsViewController.swift */; };
		B97BB1762A11A2EB008F1A5B /* TableViewFormKit in Frameworks */ = {isa = PBXBuildFile; productRef = B97BB1752A11A2EB008F1A5B /* TableViewFormKit */; };
		B995493C2992EDD000442968 /* Completable.swift in Sources */ = {isa = PBXBuildFile; fileRef = B995493B2992EDD000442968 /* Completable.swift */; };
		B995493F2992F0D400442968 /* StudiumEventListViewController.swift in Sources */ = {isa = PBXBuildFile; fileRef = B995493E2992F0D400442968 /* StudiumEventListViewController.swift */; };
		B9A98C2C29ECB56C00D866A9 /* UserDefaultsService.swift in Sources */ = {isa = PBXBuildFile; fileRef = B9A98C2B29ECB56C00D866A9 /* UserDefaultsService.swift */; };
		B9A98C2E29ECF9FA00D866A9 /* StudiumColor.swift in Sources */ = {isa = PBXBuildFile; fileRef = B9A98C2D29ECF9FA00D866A9 /* StudiumColor.swift */; };
		B9A98C3229EECE5800D866A9 /* AutoscheduleService.swift in Sources */ = {isa = PBXBuildFile; fileRef = B9A98C3129EECE5800D866A9 /* AutoscheduleService.swift */; };
/* End PBXBuildFile section */

/* Begin PBXContainerItemProxy section */
		B97BB0982A00CBF9008F1A5B /* PBXContainerItemProxy */ = {
			isa = PBXContainerItemProxy;
			containerPortal = 1693E725247A3DC4003D4702 /* Project object */;
			proxyType = 1;
			remoteGlobalIDString = 1693E72C247A3DC4003D4702;
			remoteInfo = Studium;
		};
/* End PBXContainerItemProxy section */

/* Begin PBXFileReference section */
		161A69E424C7B84B00E5A5AE /* SettingsViewController.swift */ = {isa = PBXFileReference; lastKnownFileType = sourcecode.swift; path = SettingsViewController.swift; sourceTree = "<group>"; };
		16429D03247E43720052E47C /* Habit.swift */ = {isa = PBXFileReference; lastKnownFileType = sourcecode.swift; path = Habit.swift; sourceTree = "<group>"; };
		16429D06247E81630052E47C /* WakeUpIntroController.swift */ = {isa = PBXFileReference; lastKnownFileType = sourcecode.swift; path = WakeUpIntroController.swift; sourceTree = "<group>"; };
		164905B627E18732002DE61D /* LoginViewController.swift */ = {isa = PBXFileReference; lastKnownFileType = sourcecode.swift; path = LoginViewController.swift; sourceTree = "<group>"; };
		1649A46827DEAD1900B75481 /* HeaderView.swift */ = {isa = PBXFileReference; lastKnownFileType = sourcecode.swift; path = HeaderView.swift; sourceTree = "<group>"; };
		164F62F224DF7BFC00DC8169 /* NotificationsController.swift */ = {isa = PBXFileReference; lastKnownFileType = sourcecode.swift; path = NotificationsController.swift; sourceTree = "<group>"; };
		164F630024EA2E0900DC8169 /* FirstScreenViewController.swift */ = {isa = PBXFileReference; lastKnownFileType = sourcecode.swift; path = FirstScreenViewController.swift; sourceTree = "<group>"; };
		16547B6C24DA4AC000E68E4D /* ThemesViewController.swift */ = {isa = PBXFileReference; lastKnownFileType = sourcecode.swift; path = ThemesViewController.swift; sourceTree = "<group>"; };
		165A6C77248A6F5C004279B0 /* CourseCell.swift */ = {isa = PBXFileReference; lastKnownFileType = sourcecode.swift; path = CourseCell.swift; sourceTree = "<group>"; };
		165A6C78248A6F5C004279B0 /* CourseCell.xib */ = {isa = PBXFileReference; lastKnownFileType = file.xib; path = CourseCell.xib; sourceTree = "<group>"; };
		166F53D025BC93320065963D /* TabBarController.swift */ = {isa = PBXFileReference; lastKnownFileType = sourcecode.swift; path = TabBarController.swift; sourceTree = "<group>"; };
		16827D1927F58B9A0001D1EF /* AuthViewController.swift */ = {isa = PBXFileReference; lastKnownFileType = sourcecode.swift; path = AuthViewController.swift; sourceTree = "<group>"; };
		1686DB6A248267EC00FA99DB /* PickerTest.swift */ = {isa = PBXFileReference; lastKnownFileType = sourcecode.swift; path = PickerTest.swift; sourceTree = "<group>"; };
		168EE1C22655E2CF009A8001 /* RecurringStudiumEvent.swift */ = {isa = PBXFileReference; lastKnownFileType = sourcecode.swift; path = RecurringStudiumEvent.swift; sourceTree = "<group>"; };
		1693E72D247A3DC4003D4702 /* Studium.app */ = {isa = PBXFileReference; explicitFileType = wrapper.application; includeInIndex = 0; path = Studium.app; sourceTree = BUILT_PRODUCTS_DIR; };
		1693E730247A3DC4003D4702 /* AppDelegate.swift */ = {isa = PBXFileReference; lastKnownFileType = sourcecode.swift; path = AppDelegate.swift; sourceTree = "<group>"; };
		1693E732247A3DC4003D4702 /* SceneDelegate.swift */ = {isa = PBXFileReference; lastKnownFileType = sourcecode.swift; path = SceneDelegate.swift; sourceTree = "<group>"; };
		1693E734247A3DC4003D4702 /* CalendarViewController.swift */ = {isa = PBXFileReference; lastKnownFileType = sourcecode.swift; path = CalendarViewController.swift; sourceTree = "<group>"; };
		1693E737247A3DC4003D4702 /* Base */ = {isa = PBXFileReference; lastKnownFileType = file.storyboard; name = Base; path = Base.lproj/Main.storyboard; sourceTree = "<group>"; };
		1693E739247A3DC6003D4702 /* Assets.xcassets */ = {isa = PBXFileReference; lastKnownFileType = folder.assetcatalog; path = Assets.xcassets; sourceTree = "<group>"; };
		1693E73C247A3DC6003D4702 /* Base */ = {isa = PBXFileReference; lastKnownFileType = file.storyboard; name = Base; path = Base.lproj/LaunchScreen.storyboard; sourceTree = "<group>"; };
		1693E73E247A3DC6003D4702 /* Info.plist */ = {isa = PBXFileReference; lastKnownFileType = text.plist.xml; path = Info.plist; sourceTree = "<group>"; };
		1693E745247A4152003D4702 /* CoursesViewController.swift */ = {isa = PBXFileReference; lastKnownFileType = sourcecode.swift; path = CoursesViewController.swift; sourceTree = "<group>"; };
		1693E747247A417B003D4702 /* HabitsViewController.swift */ = {isa = PBXFileReference; lastKnownFileType = sourcecode.swift; path = HabitsViewController.swift; sourceTree = "<group>"; };
		1693E749247A41A5003D4702 /* DayScheduleViewController.swift */ = {isa = PBXFileReference; lastKnownFileType = sourcecode.swift; path = DayScheduleViewController.swift; sourceTree = "<group>"; };
		1693E74D247A464F003D4702 /* Course.swift */ = {isa = PBXFileReference; lastKnownFileType = sourcecode.swift; path = Course.swift; sourceTree = "<group>"; };
		1693E74F247A4660003D4702 /* Assignment.swift */ = {isa = PBXFileReference; lastKnownFileType = sourcecode.swift; path = Assignment.swift; sourceTree = "<group>"; };
		1693E751247A487C003D4702 /* SwipeTableViewController.swift */ = {isa = PBXFileReference; lastKnownFileType = sourcecode.swift; path = SwipeTableViewController.swift; sourceTree = "<group>"; };
		1693E756247A4BCB003D4702 /* AssignmentsOnlyViewController.swift */ = {isa = PBXFileReference; lastKnownFileType = sourcecode.swift; path = AssignmentsOnlyViewController.swift; sourceTree = "<group>"; };
		1693E758247A59B2003D4702 /* ToDoListViewController.swift */ = {isa = PBXFileReference; lastKnownFileType = sourcecode.swift; path = ToDoListViewController.swift; sourceTree = "<group>"; };
		1697F7EF266C6B6D0064AB28 /* StartViewController.swift */ = {isa = PBXFileReference; lastKnownFileType = sourcecode.swift; path = StartViewController.swift; sourceTree = "<group>"; };
		16A63B7A24A01289003A30D3 /* HabitCell.swift */ = {isa = PBXFileReference; lastKnownFileType = sourcecode.swift; path = HabitCell.swift; sourceTree = "<group>"; };
		16A63B7B24A01289003A30D3 /* HabitCell.xib */ = {isa = PBXFileReference; lastKnownFileType = file.xib; path = HabitCell.xib; sourceTree = "<group>"; };
		16A63B8024AA8059003A30D3 /* OtherEvent.swift */ = {isa = PBXFileReference; lastKnownFileType = sourcecode.swift; path = OtherEvent.swift; sourceTree = "<group>"; };
		16A63B8224AA85A7003A30D3 /* OtherEventCell.swift */ = {isa = PBXFileReference; lastKnownFileType = sourcecode.swift; path = OtherEventCell.swift; sourceTree = "<group>"; };
		16A63B8324AA85A7003A30D3 /* OtherEventCell.xib */ = {isa = PBXFileReference; lastKnownFileType = file.xib; path = OtherEventCell.xib; sourceTree = "<group>"; };
		16A63B8624AAD263003A30D3 /* DeletableEventCell.swift */ = {isa = PBXFileReference; lastKnownFileType = sourcecode.swift; path = DeletableEventCell.swift; sourceTree = "<group>"; };
		16C05CF2264F37B8004C9629 /* RecurringEventCell.swift */ = {isa = PBXFileReference; lastKnownFileType = sourcecode.swift; path = RecurringEventCell.swift; sourceTree = "<group>"; };
		16C05CF3264F37B8004C9629 /* RecurringEventCell.xib */ = {isa = PBXFileReference; lastKnownFileType = file.xib; path = RecurringEventCell.xib; sourceTree = "<group>"; };
		16C05CF6264F3AF3004C9629 /* TestViewController.swift */ = {isa = PBXFileReference; lastKnownFileType = sourcecode.swift; path = TestViewController.swift; sourceTree = "<group>"; };
		16C05CF8264F5ABC004C9629 /* AssignmentCell1.swift */ = {isa = PBXFileReference; lastKnownFileType = sourcecode.swift; path = AssignmentCell1.swift; sourceTree = "<group>"; };
		16C05CF9264F5ABC004C9629 /* AssignmentCell1.xib */ = {isa = PBXFileReference; lastKnownFileType = file.xib; path = AssignmentCell1.xib; sourceTree = "<group>"; };
		16C607E8250E985000983C3D /* GlacialIndifference-Italic.otf */ = {isa = PBXFileReference; lastKnownFileType = file; path = "GlacialIndifference-Italic.otf"; sourceTree = "<group>"; };
		16C607E9250E985000983C3D /* GlacialIndifference-Regular.otf */ = {isa = PBXFileReference; lastKnownFileType = file; path = "GlacialIndifference-Regular.otf"; sourceTree = "<group>"; };
		16C607EA250E985000983C3D /* GlacialIndifference-Bold.otf */ = {isa = PBXFileReference; lastKnownFileType = file; path = "GlacialIndifference-Bold.otf"; sourceTree = "<group>"; };
		16C60FB125C5F7FB006D0FFC /* StudiumEvent.swift */ = {isa = PBXFileReference; lastKnownFileType = sourcecode.swift; path = StudiumEvent.swift; sourceTree = "<group>"; };
		16C60FEA25C76CE9006D0FFC /* RegisterViewController.swift */ = {isa = PBXFileReference; lastKnownFileType = sourcecode.swift; path = RegisterViewController.swift; sourceTree = "<group>"; };
		16E7B22E27D1EF8D00AAE756 /* GenericTableViewCell.swift */ = {isa = PBXFileReference; lastKnownFileType = sourcecode.swift; path = GenericTableViewCell.swift; sourceTree = "<group>"; };
		16E7B22F27D1EF8D00AAE756 /* GenericTableViewCell.xib */ = {isa = PBXFileReference; lastKnownFileType = file.xib; path = GenericTableViewCell.xib; sourceTree = "<group>"; };
		3CDE7A6B2623F1D791D27BAD /* Pods_Studium.framework */ = {isa = PBXFileReference; explicitFileType = wrapper.framework; includeInIndex = 0; path = Pods_Studium.framework; sourceTree = BUILT_PRODUCTS_DIR; };
		916237789911EFDDFB48EFE4 /* Pods-Studium.release.xcconfig */ = {isa = PBXFileReference; includeInIndex = 1; lastKnownFileType = text.xcconfig; name = "Pods-Studium.release.xcconfig"; path = "Target Support Files/Pods-Studium/Pods-Studium.release.xcconfig"; sourceTree = "<group>"; };
		B90D13F329845FE80093EB0C /* AddHabitViewController.swift */ = {isa = PBXFileReference; fileEncoding = 4; lastKnownFileType = sourcecode.swift; path = AddHabitViewController.swift; sourceTree = "<group>"; };
		B90D13F429845FE80093EB0C /* AddCourseViewController.swift */ = {isa = PBXFileReference; fileEncoding = 4; lastKnownFileType = sourcecode.swift; path = AddCourseViewController.swift; sourceTree = "<group>"; };
		B90D13F529845FE80093EB0C /* MasterForm.swift */ = {isa = PBXFileReference; fileEncoding = 4; lastKnownFileType = sourcecode.swift; path = MasterForm.swift; sourceTree = "<group>"; };
		B90D13F629845FE80093EB0C /* LogoSelectorViewController.swift */ = {isa = PBXFileReference; fileEncoding = 4; lastKnownFileType = sourcecode.swift; path = LogoSelectorViewController.swift; sourceTree = "<group>"; };
		B90D13F729845FE80093EB0C /* AddToDoListEventViewController.swift */ = {isa = PBXFileReference; fileEncoding = 4; lastKnownFileType = sourcecode.swift; path = AddToDoListEventViewController.swift; sourceTree = "<group>"; };
		B90D13F829845FE80093EB0C /* AlertTableViewController.swift */ = {isa = PBXFileReference; fileEncoding = 4; lastKnownFileType = sourcecode.swift; path = AlertTableViewController.swift; sourceTree = "<group>"; };
		B90D13F929845FE80093EB0C /* AddAssignmentViewController.swift */ = {isa = PBXFileReference; fileEncoding = 4; lastKnownFileType = sourcecode.swift; path = AddAssignmentViewController.swift; sourceTree = "<group>"; };
		B90D143F298999AB0093EB0C /* StudiumFormError.swift */ = {isa = PBXFileReference; lastKnownFileType = sourcecode.swift; path = StudiumFormError.swift; sourceTree = "<group>"; };
		B90D144129899C310093EB0C /* Weekday.swift */ = {isa = PBXFileReference; lastKnownFileType = sourcecode.swift; path = Weekday.swift; sourceTree = "<group>"; };
		B90D1444298AFDE00093EB0C /* FormCell.swift */ = {isa = PBXFileReference; lastKnownFileType = sourcecode.swift; path = FormCell.swift; sourceTree = "<group>"; };
		B90D1446298C6EA50093EB0C /* AuthenticationService.swift */ = {isa = PBXFileReference; lastKnownFileType = sourcecode.swift; path = AuthenticationService.swift; sourceTree = "<group>"; };
		B90D1448298C77B80093EB0C /* NotificationService.swift */ = {isa = PBXFileReference; lastKnownFileType = sourcecode.swift; path = NotificationService.swift; sourceTree = "<group>"; };
		B96E6A5B298323DD00A25457 /* DatabaseService.swift */ = {isa = PBXFileReference; lastKnownFileType = sourcecode.swift; path = DatabaseService.swift; sourceTree = "<group>"; };
		B96E6A9B298456A500A25457 /* K.swift */ = {isa = PBXFileReference; lastKnownFileType = sourcecode.swift; path = K.swift; sourceTree = "<group>"; };
		B9707E372A11C7EF004B63F0 /* TableViewFormKit */ = {isa = PBXFileReference; lastKnownFileType = wrapper; name = TableViewFormKit; path = ../../Packages/TableViewFormKit; sourceTree = "<group>"; };
		B9707E382A11C850004B63F0 /* VikUtilityKit */ = {isa = PBXFileReference; lastKnownFileType = wrapper; name = VikUtilityKit; path = ../../Packages/VikUtilityKit; sourceTree = "<group>"; };
		B97BB08129F7006E008F1A5B /* UserSettings.swift */ = {isa = PBXFileReference; lastKnownFileType = sourcecode.swift; path = UserSettings.swift; sourceTree = "<group>"; };
		B97BB08329F74628008F1A5B /* Debuggable.swift */ = {isa = PBXFileReference; lastKnownFileType = sourcecode.swift; path = Debuggable.swift; sourceTree = "<group>"; };
		B97BB0942A00CBF9008F1A5B /* StudiumTests.xctest */ = {isa = PBXFileReference; explicitFileType = wrapper.cfbundle; includeInIndex = 0; path = StudiumTests.xctest; sourceTree = BUILT_PRODUCTS_DIR; };
		B97BB0962A00CBF9008F1A5B /* AutoscheduleServiceTests.swift */ = {isa = PBXFileReference; lastKnownFileType = sourcecode.swift; path = AutoscheduleServiceTests.swift; sourceTree = "<group>"; };
		B97BB09E2A00D19D008F1A5B /* MockAutoscheduleService.swift */ = {isa = PBXFileReference; lastKnownFileType = sourcecode.swift; path = MockAutoscheduleService.swift; sourceTree = "<group>"; };
		B97BB0A02A00D29A008F1A5B /* MockDatabaseService.swift */ = {isa = PBXFileReference; lastKnownFileType = sourcecode.swift; path = MockDatabaseService.swift; sourceTree = "<group>"; };
		B97BB0A22A00E248008F1A5B /* DateTests.swift */ = {isa = PBXFileReference; lastKnownFileType = sourcecode.swift; path = DateTests.swift; sourceTree = "<group>"; };
		B97BB0A62A00EA0D008F1A5B /* AppleCalendarService.swift */ = {isa = PBXFileReference; lastKnownFileType = sourcecode.swift; path = AppleCalendarService.swift; sourceTree = "<group>"; };
		B97BB0AB2A022B30008F1A5B /* String_Extension.swift */ = {isa = PBXFileReference; lastKnownFileType = sourcecode.swift; path = String_Extension.swift; sourceTree = "<group>"; };
		B97BB0AD2A022B37008F1A5B /* Date_Extension.swift */ = {isa = PBXFileReference; lastKnownFileType = sourcecode.swift; path = Date_Extension.swift; sourceTree = "<group>"; };
		B97BB0AF2A022B5C008F1A5B /* UIColor_Extension.swift */ = {isa = PBXFileReference; lastKnownFileType = sourcecode.swift; path = UIColor_Extension.swift; sourceTree = "<group>"; };
		B97BB0B12A0399FB008F1A5B /* UIViewController_Extension.swift */ = {isa = PBXFileReference; lastKnownFileType = sourcecode.swift; path = UIViewController_Extension.swift; sourceTree = "<group>"; };
		B97BB0B42A075964008F1A5B /* Secrets.xcconfig */ = {isa = PBXFileReference; lastKnownFileType = text.xcconfig; path = Secrets.xcconfig; sourceTree = "<group>"; };
		B97BB0B62A075CB4008F1A5B /* DaySchedulable.swift */ = {isa = PBXFileReference; lastKnownFileType = sourcecode.swift; path = DaySchedulable.swift; sourceTree = "<group>"; };
		B97BB1662A0EF864008F1A5B /* AssignmentsViewController.swift */ = {isa = PBXFileReference; lastKnownFileType = sourcecode.swift; path = AssignmentsViewController.swift; sourceTree = "<group>"; };
		B995493B2992EDD000442968 /* Completable.swift */ = {isa = PBXFileReference; lastKnownFileType = sourcecode.swift; path = Completable.swift; sourceTree = "<group>"; };
		B995493E2992F0D400442968 /* StudiumEventListViewController.swift */ = {isa = PBXFileReference; lastKnownFileType = sourcecode.swift; path = StudiumEventListViewController.swift; sourceTree = "<group>"; };
		B9A98C2929ECA96E00D866A9 /* GoogleSignIn.framework */ = {isa = PBXFileReference; lastKnownFileType = wrapper.framework; name = GoogleSignIn.framework; path = Pods/GoogleSignIn/Frameworks/GoogleSignIn.framework; sourceTree = "<group>"; };
		B9A98C2B29ECB56C00D866A9 /* UserDefaultsService.swift */ = {isa = PBXFileReference; lastKnownFileType = sourcecode.swift; path = UserDefaultsService.swift; sourceTree = "<group>"; };
		B9A98C2D29ECF9FA00D866A9 /* StudiumColor.swift */ = {isa = PBXFileReference; lastKnownFileType = sourcecode.swift; path = StudiumColor.swift; sourceTree = "<group>"; };
		B9A98C3129EECE5800D866A9 /* AutoscheduleService.swift */ = {isa = PBXFileReference; lastKnownFileType = sourcecode.swift; path = AutoscheduleService.swift; sourceTree = "<group>"; };
		FD108DE721EFFA5F65BC9E17 /* Pods-Studium.debug.xcconfig */ = {isa = PBXFileReference; includeInIndex = 1; lastKnownFileType = text.xcconfig; name = "Pods-Studium.debug.xcconfig"; path = "Target Support Files/Pods-Studium/Pods-Studium.debug.xcconfig"; sourceTree = "<group>"; };
/* End PBXFileReference section */

/* Begin PBXFrameworksBuildPhase section */
		1693E72A247A3DC4003D4702 /* Frameworks */ = {
			isa = PBXFrameworksBuildPhase;
			buildActionMask = 2147483647;
			files = (
				77658A281C6CB08EA3EDC2DE /* Pods_Studium.framework in Frameworks */,
				B97BB1762A11A2EB008F1A5B /* TableViewFormKit in Frameworks */,
			);
			runOnlyForDeploymentPostprocessing = 0;
		};
		B97BB0912A00CBF9008F1A5B /* Frameworks */ = {
			isa = PBXFrameworksBuildPhase;
			buildActionMask = 2147483647;
			files = (
			);
			runOnlyForDeploymentPostprocessing = 0;
		};
/* End PBXFrameworksBuildPhase section */

/* Begin PBXGroup section */
		16429CFC247D200E0052E47C /* Calendar Controllers */ = {
			isa = PBXGroup;
			children = (
				1693E734247A3DC4003D4702 /* CalendarViewController.swift */,
				1693E749247A41A5003D4702 /* DayScheduleViewController.swift */,
			);
			path = "Calendar Controllers";
			sourceTree = "<group>";
		};
		16429D05247E81500052E47C /* Intro Controllers */ = {
			isa = PBXGroup;
			children = (
				16827D1927F58B9A0001D1EF /* AuthViewController.swift */,
				1697F7EF266C6B6D0064AB28 /* StartViewController.swift */,
				16429D06247E81630052E47C /* WakeUpIntroController.swift */,
				164F62F224DF7BFC00DC8169 /* NotificationsController.swift */,
				164F630024EA2E0900DC8169 /* FirstScreenViewController.swift */,
				164905B627E18732002DE61D /* LoginViewController.swift */,
				16C60FEA25C76CE9006D0FFC /* RegisterViewController.swift */,
			);
			path = "Intro Controllers";
			sourceTree = "<group>";
		};
		164905B827E18793002DE61D /* Custom Views */ = {
			isa = PBXGroup;
			children = (
			);
			path = "Custom Views";
			sourceTree = "<group>";
		};
		16547B6B24DA4AA900E68E4D /* Settings Controllers */ = {
			isa = PBXGroup;
			children = (
				161A69E424C7B84B00E5A5AE /* SettingsViewController.swift */,
				16547B6C24DA4AC000E68E4D /* ThemesViewController.swift */,
			);
			path = "Settings Controllers";
			sourceTree = "<group>";
		};
		165A6C8324916BD9004279B0 /* Form Controllers */ = {
			isa = PBXGroup;
			children = (
				B90D13F929845FE80093EB0C /* AddAssignmentViewController.swift */,
				B90D13F429845FE80093EB0C /* AddCourseViewController.swift */,
				B90D13F329845FE80093EB0C /* AddHabitViewController.swift */,
				B90D13F729845FE80093EB0C /* AddToDoListEventViewController.swift */,
				B90D13F829845FE80093EB0C /* AlertTableViewController.swift */,
				B90D13F629845FE80093EB0C /* LogoSelectorViewController.swift */,
				B90D13F529845FE80093EB0C /* MasterForm.swift */,
				B90D1444298AFDE00093EB0C /* FormCell.swift */,
			);
			path = "Form Controllers";
			sourceTree = "<group>";
		};
		1665FF1E250EA98300485F3D /* Fonts */ = {
			isa = PBXGroup;
			children = (
				16C607EA250E985000983C3D /* GlacialIndifference-Bold.otf */,
				16C607E8250E985000983C3D /* GlacialIndifference-Italic.otf */,
				16C607E9250E985000983C3D /* GlacialIndifference-Regular.otf */,
			);
			path = Fonts;
			sourceTree = "<group>";
		};
		166F53CE25BC92FA0065963D /* Navigation Controllers */ = {
			isa = PBXGroup;
			children = (
				166F53D025BC93320065963D /* TabBarController.swift */,
			);
			path = "Navigation Controllers";
			sourceTree = "<group>";
		};
		1693E724247A3DC4003D4702 = {
			isa = PBXGroup;
			children = (
				B97BB1682A119DB0008F1A5B /* Packages */,
				1693E72F247A3DC4003D4702 /* Studium */,
				B97BB0952A00CBF9008F1A5B /* StudiumTests */,
				1693E72E247A3DC4003D4702 /* Products */,
				93B0DD225789CBCF8381CAD6 /* Pods */,
				6FB44260C022218BAA798CDC /* Frameworks */,
			);
			sourceTree = "<group>";
		};
		1693E72E247A3DC4003D4702 /* Products */ = {
			isa = PBXGroup;
			children = (
				1693E72D247A3DC4003D4702 /* Studium.app */,
				B97BB0942A00CBF9008F1A5B /* StudiumTests.xctest */,
			);
			name = Products;
			sourceTree = "<group>";
		};
		1693E72F247A3DC4003D4702 /* Studium */ = {
			isa = PBXGroup;
			children = (
				B96E6A5D2983464900A25457 /* Utility */,
				B96E6A5A298323CC00A25457 /* Repository */,
				1693E74C247A463D003D4702 /* Models */,
				1693E744247A413B003D4702 /* Controllers */,
				1693E74B247A4634003D4702 /* Views */,
				1693E73E247A3DC6003D4702 /* Info.plist */,
				B97BB0B42A075964008F1A5B /* Secrets.xcconfig */,
			);
			path = Studium;
			sourceTree = "<group>";
		};
		1693E744247A413B003D4702 /* Controllers */ = {
			isa = PBXGroup;
			children = (
				166F53CE25BC92FA0065963D /* Navigation Controllers */,
				16547B6B24DA4AA900E68E4D /* Settings Controllers */,
				165A6C8324916BD9004279B0 /* Form Controllers */,
				16429D05247E81500052E47C /* Intro Controllers */,
				16429CFC247D200E0052E47C /* Calendar Controllers */,
				1693E75B247A67CF003D4702 /* Framework Superclasses */,
				1693E75A247A67AC003D4702 /* List Controllers */,
				1693E753247A4885003D4702 /* Incomplete */,
			);
			path = Controllers;
			sourceTree = "<group>";
		};
		1693E74B247A4634003D4702 /* Views */ = {
			isa = PBXGroup;
			children = (
				B96E6ADB2984582900A25457 /* Form Cells */,
				164905B827E18793002DE61D /* Custom Views */,
				16C05CF1264F36DC004C9629 /* New Event Cells */,
				16B2837925C25BA50039043E /* Event Cells */,
				1665FF1E250EA98300485F3D /* Fonts */,
				1693E736247A3DC4003D4702 /* Main.storyboard */,
				1693E73B247A3DC6003D4702 /* LaunchScreen.storyboard */,
				1649A46827DEAD1900B75481 /* HeaderView.swift */,
			);
			path = Views;
			sourceTree = "<group>";
		};
		1693E74C247A463D003D4702 /* Models */ = {
			isa = PBXGroup;
			children = (
				1693E74D247A464F003D4702 /* Course.swift */,
				1693E74F247A4660003D4702 /* Assignment.swift */,
				16429D03247E43720052E47C /* Habit.swift */,
				16A63B8024AA8059003A30D3 /* OtherEvent.swift */,
				16C60FB125C5F7FB006D0FFC /* StudiumEvent.swift */,
				168EE1C22655E2CF009A8001 /* RecurringStudiumEvent.swift */,
				B995493D2992EEA300442968 /* Protocols */,
				B97BB08129F7006E008F1A5B /* UserSettings.swift */,
			);
			path = Models;
			sourceTree = "<group>";
		};
		1693E753247A4885003D4702 /* Incomplete */ = {
			isa = PBXGroup;
			children = (
				1686DB6A248267EC00FA99DB /* PickerTest.swift */,
			);
			path = Incomplete;
			sourceTree = "<group>";
		};
		1693E75A247A67AC003D4702 /* List Controllers */ = {
			isa = PBXGroup;
			children = (
				1693E745247A4152003D4702 /* CoursesViewController.swift */,
				1693E756247A4BCB003D4702 /* AssignmentsOnlyViewController.swift */,
				1693E758247A59B2003D4702 /* ToDoListViewController.swift */,
				1693E747247A417B003D4702 /* HabitsViewController.swift */,
				16C05CF6264F3AF3004C9629 /* TestViewController.swift */,
				B995493E2992F0D400442968 /* StudiumEventListViewController.swift */,
				B97BB1662A0EF864008F1A5B /* AssignmentsViewController.swift */,
			);
			path = "List Controllers";
			sourceTree = "<group>";
		};
		1693E75B247A67CF003D4702 /* Framework Superclasses */ = {
			isa = PBXGroup;
			children = (
				1693E751247A487C003D4702 /* SwipeTableViewController.swift */,
			);
			path = "Framework Superclasses";
			sourceTree = "<group>";
		};
		16B2837925C25BA50039043E /* Event Cells */ = {
			isa = PBXGroup;
			children = (
				16A63B7B24A01289003A30D3 /* HabitCell.xib */,
				165A6C78248A6F5C004279B0 /* CourseCell.xib */,
				16A63B7A24A01289003A30D3 /* HabitCell.swift */,
				165A6C77248A6F5C004279B0 /* CourseCell.swift */,
			);
			path = "Event Cells";
			sourceTree = "<group>";
		};
		16C05CF1264F36DC004C9629 /* New Event Cells */ = {
			isa = PBXGroup;
			children = (
				16C05CF2264F37B8004C9629 /* RecurringEventCell.swift */,
				16C05CF3264F37B8004C9629 /* RecurringEventCell.xib */,
				16C05CF8264F5ABC004C9629 /* AssignmentCell1.swift */,
				16C05CF9264F5ABC004C9629 /* AssignmentCell1.xib */,
				16E7B22E27D1EF8D00AAE756 /* GenericTableViewCell.swift */,
				16E7B22F27D1EF8D00AAE756 /* GenericTableViewCell.xib */,
				16A63B8324AA85A7003A30D3 /* OtherEventCell.xib */,
				16A63B8224AA85A7003A30D3 /* OtherEventCell.swift */,
				16A63B8624AAD263003A30D3 /* DeletableEventCell.swift */,
			);
			path = "New Event Cells";
			sourceTree = "<group>";
		};
		6FB44260C022218BAA798CDC /* Frameworks */ = {
			isa = PBXGroup;
			children = (
				B9A98C2929ECA96E00D866A9 /* GoogleSignIn.framework */,
				3CDE7A6B2623F1D791D27BAD /* Pods_Studium.framework */,
			);
			name = Frameworks;
			sourceTree = "<group>";
		};
		93B0DD225789CBCF8381CAD6 /* Pods */ = {
			isa = PBXGroup;
			children = (
				FD108DE721EFFA5F65BC9E17 /* Pods-Studium.debug.xcconfig */,
				916237789911EFDDFB48EFE4 /* Pods-Studium.release.xcconfig */,
			);
			path = Pods;
			sourceTree = "<group>";
		};
		B90D144329899C3C0093EB0C /* Enums */ = {
			isa = PBXGroup;
			children = (
				B90D143F298999AB0093EB0C /* StudiumFormError.swift */,
				B90D144129899C310093EB0C /* Weekday.swift */,
				B9A98C2D29ECF9FA00D866A9 /* StudiumColor.swift */,
			);
			path = Enums;
			sourceTree = "<group>";
		};
		B96E6A5A298323CC00A25457 /* Repository */ = {
			isa = PBXGroup;
			children = (
				B97BB09D2A00D18F008F1A5B /* Mocking */,
				B97BB0A52A00E9DD008F1A5B /* Storage */,
				B97BB0A42A00E9D0008F1A5B /* Authentication */,
				B90D1448298C77B80093EB0C /* NotificationService.swift */,
				B9A98C3129EECE5800D866A9 /* AutoscheduleService.swift */,
				B97BB0A62A00EA0D008F1A5B /* AppleCalendarService.swift */,
			);
			path = Repository;
			sourceTree = "<group>";
		};
		B96E6A5D2983464900A25457 /* Utility */ = {
			isa = PBXGroup;
			children = (
				B96E6A9B298456A500A25457 /* K.swift */,
				1693E739247A3DC6003D4702 /* Assets.xcassets */,
				1693E730247A3DC4003D4702 /* AppDelegate.swift */,
				1693E732247A3DC4003D4702 /* SceneDelegate.swift */,
				B97BB0AA2A022B20008F1A5B /* Extensions */,
				B90D144329899C3C0093EB0C /* Enums */,
				B97BB08329F74628008F1A5B /* Debuggable.swift */,
			);
			path = Utility;
			sourceTree = "<group>";
		};
		B96E6ADB2984582900A25457 /* Form Cells */ = {
			isa = PBXGroup;
			children = (
			);
			path = "Form Cells";
			sourceTree = "<group>";
		};
		B97BB0952A00CBF9008F1A5B /* StudiumTests */ = {
			isa = PBXGroup;
			children = (
				B97BB0962A00CBF9008F1A5B /* AutoscheduleServiceTests.swift */,
				B97BB0A22A00E248008F1A5B /* DateTests.swift */,
			);
			path = StudiumTests;
			sourceTree = "<group>";
		};
		B97BB09D2A00D18F008F1A5B /* Mocking */ = {
			isa = PBXGroup;
			children = (
				B97BB09E2A00D19D008F1A5B /* MockAutoscheduleService.swift */,
				B97BB0A02A00D29A008F1A5B /* MockDatabaseService.swift */,
			);
			path = Mocking;
			sourceTree = "<group>";
		};
		B97BB0A42A00E9D0008F1A5B /* Authentication */ = {
			isa = PBXGroup;
			children = (
				B90D1446298C6EA50093EB0C /* AuthenticationService.swift */,
			);
			path = Authentication;
			sourceTree = "<group>";
		};
		B97BB0A52A00E9DD008F1A5B /* Storage */ = {
			isa = PBXGroup;
			children = (
				B96E6A5B298323DD00A25457 /* DatabaseService.swift */,
				B9A98C2B29ECB56C00D866A9 /* UserDefaultsService.swift */,
			);
			path = Storage;
			sourceTree = "<group>";
		};
		B97BB0AA2A022B20008F1A5B /* Extensions */ = {
			isa = PBXGroup;
			children = (
				B97BB0AB2A022B30008F1A5B /* String_Extension.swift */,
				B97BB0AD2A022B37008F1A5B /* Date_Extension.swift */,
				B97BB0AF2A022B5C008F1A5B /* UIColor_Extension.swift */,
				B97BB0B12A0399FB008F1A5B /* UIViewController_Extension.swift */,
			);
			path = Extensions;
			sourceTree = "<group>";
		};
		B97BB1682A119DB0008F1A5B /* Packages */ = {
			isa = PBXGroup;
			children = (
				B9707E372A11C7EF004B63F0 /* TableViewFormKit */,
				B9707E382A11C850004B63F0 /* VikUtilityKit */,
			);
			name = Packages;
			sourceTree = "<group>";
		};
		B995493D2992EEA300442968 /* Protocols */ = {
			isa = PBXGroup;
			children = (
				B995493B2992EDD000442968 /* Completable.swift */,
				B97BB0B62A075CB4008F1A5B /* DaySchedulable.swift */,
			);
			path = Protocols;
			sourceTree = "<group>";
		};
/* End PBXGroup section */

/* Begin PBXNativeTarget section */
		1693E72C247A3DC4003D4702 /* Studium */ = {
			isa = PBXNativeTarget;
			buildConfigurationList = 1693E741247A3DC6003D4702 /* Build configuration list for PBXNativeTarget "Studium" */;
			buildPhases = (
				3D3B0D98724BBB67ADF1B4EA /* [CP] Check Pods Manifest.lock */,
				1693E729247A3DC4003D4702 /* Sources */,
				1693E72A247A3DC4003D4702 /* Frameworks */,
				1693E72B247A3DC4003D4702 /* Resources */,
				E4F465B928E2E9E890816BA9 /* [CP] Embed Pods Frameworks */,
			);
			buildRules = (
			);
			dependencies = (
			);
			name = Studium;
			packageProductDependencies = (
				B97BB1752A11A2EB008F1A5B /* TableViewFormKit */,
			);
			productName = Studium;
			productReference = 1693E72D247A3DC4003D4702 /* Studium.app */;
			productType = "com.apple.product-type.application";
		};
		B97BB0932A00CBF9008F1A5B /* StudiumTests */ = {
			isa = PBXNativeTarget;
			buildConfigurationList = B97BB09C2A00CBF9008F1A5B /* Build configuration list for PBXNativeTarget "StudiumTests" */;
			buildPhases = (
				B97BB0902A00CBF9008F1A5B /* Sources */,
				B97BB0912A00CBF9008F1A5B /* Frameworks */,
				B97BB0922A00CBF9008F1A5B /* Resources */,
			);
			buildRules = (
			);
			dependencies = (
				B97BB0992A00CBF9008F1A5B /* PBXTargetDependency */,
			);
			name = StudiumTests;
			productName = StudiumTests;
			productReference = B97BB0942A00CBF9008F1A5B /* StudiumTests.xctest */;
			productType = "com.apple.product-type.bundle.unit-test";
		};
/* End PBXNativeTarget section */

/* Begin PBXProject section */
		1693E725247A3DC4003D4702 /* Project object */ = {
			isa = PBXProject;
			attributes = {
				LastSwiftUpdateCheck = 1430;
				LastUpgradeCheck = 1230;
				ORGANIZATIONNAME = "Vikram Singh";
				TargetAttributes = {
					1693E72C247A3DC4003D4702 = {
						CreatedOnToolsVersion = 11.5;
					};
					B97BB0932A00CBF9008F1A5B = {
						CreatedOnToolsVersion = 14.3;
						TestTargetID = 1693E72C247A3DC4003D4702;
					};
				};
			};
			buildConfigurationList = 1693E728247A3DC4003D4702 /* Build configuration list for PBXProject "Studium" */;
			compatibilityVersion = "Xcode 12.0";
			developmentRegion = en;
			hasScannedForEncodings = 0;
			knownRegions = (
				en,
				Base,
			);
			mainGroup = 1693E724247A3DC4003D4702;
			productRefGroup = 1693E72E247A3DC4003D4702 /* Products */;
			projectDirPath = "";
			projectRoot = "";
			targets = (
				1693E72C247A3DC4003D4702 /* Studium */,
				B97BB0932A00CBF9008F1A5B /* StudiumTests */,
			);
		};
/* End PBXProject section */

/* Begin PBXResourcesBuildPhase section */
		1693E72B247A3DC4003D4702 /* Resources */ = {
			isa = PBXResourcesBuildPhase;
			buildActionMask = 2147483647;
			files = (
				1693E73D247A3DC6003D4702 /* LaunchScreen.storyboard in Resources */,
				1693E73A247A3DC6003D4702 /* Assets.xcassets in Resources */,
				16C607EB250E985000983C3D /* GlacialIndifference-Italic.otf in Resources */,
				16C05CF5264F37B8004C9629 /* RecurringEventCell.xib in Resources */,
				16A63B7D24A01289003A30D3 /* HabitCell.xib in Resources */,
				16C607EC250E985000983C3D /* GlacialIndifference-Regular.otf in Resources */,
				16C607ED250E985000983C3D /* GlacialIndifference-Bold.otf in Resources */,
				1693E738247A3DC4003D4702 /* Main.storyboard in Resources */,
				165A6C7A248A6F5C004279B0 /* CourseCell.xib in Resources */,
				16E7B23127D1EF8D00AAE756 /* GenericTableViewCell.xib in Resources */,
				16C05CFB264F5ABC004C9629 /* AssignmentCell1.xib in Resources */,
				16A63B8524AA85A7003A30D3 /* OtherEventCell.xib in Resources */,
			);
			runOnlyForDeploymentPostprocessing = 0;
		};
		B97BB0922A00CBF9008F1A5B /* Resources */ = {
			isa = PBXResourcesBuildPhase;
			buildActionMask = 2147483647;
			files = (
			);
			runOnlyForDeploymentPostprocessing = 0;
		};
/* End PBXResourcesBuildPhase section */

/* Begin PBXShellScriptBuildPhase section */
		3D3B0D98724BBB67ADF1B4EA /* [CP] Check Pods Manifest.lock */ = {
			isa = PBXShellScriptBuildPhase;
			buildActionMask = 2147483647;
			files = (
			);
			inputFileListPaths = (
			);
			inputPaths = (
				"${PODS_PODFILE_DIR_PATH}/Podfile.lock",
				"${PODS_ROOT}/Manifest.lock",
			);
			name = "[CP] Check Pods Manifest.lock";
			outputFileListPaths = (
			);
			outputPaths = (
				"$(DERIVED_FILE_DIR)/Pods-Studium-checkManifestLockResult.txt",
			);
			runOnlyForDeploymentPostprocessing = 0;
			shellPath = /bin/sh;
			shellScript = "diff \"${PODS_PODFILE_DIR_PATH}/Podfile.lock\" \"${PODS_ROOT}/Manifest.lock\" > /dev/null\nif [ $? != 0 ] ; then\n    # print error to STDERR\n    echo \"error: The sandbox is not in sync with the Podfile.lock. Run 'pod install' or update your CocoaPods installation.\" >&2\n    exit 1\nfi\n# This output is used by Xcode 'outputs' to avoid re-running this script phase.\necho \"SUCCESS\" > \"${SCRIPT_OUTPUT_FILE_0}\"\n";
			showEnvVarsInLog = 0;
		};
		E4F465B928E2E9E890816BA9 /* [CP] Embed Pods Frameworks */ = {
			isa = PBXShellScriptBuildPhase;
			buildActionMask = 2147483647;
			files = (
			);
			inputFileListPaths = (
				"${PODS_ROOT}/Target Support Files/Pods-Studium/Pods-Studium-frameworks-${CONFIGURATION}-input-files.xcfilelist",
			);
			name = "[CP] Embed Pods Frameworks";
			outputFileListPaths = (
				"${PODS_ROOT}/Target Support Files/Pods-Studium/Pods-Studium-frameworks-${CONFIGURATION}-output-files.xcfilelist",
			);
			runOnlyForDeploymentPostprocessing = 0;
			shellPath = /bin/sh;
			shellScript = "\"${PODS_ROOT}/Target Support Files/Pods-Studium/Pods-Studium-frameworks.sh\"\n";
			showEnvVarsInLog = 0;
		};
/* End PBXShellScriptBuildPhase section */

/* Begin PBXSourcesBuildPhase section */
		1693E729247A3DC4003D4702 /* Sources */ = {
			isa = PBXSourcesBuildPhase;
			buildActionMask = 2147483647;
			files = (
				1693E757247A4BCB003D4702 /* AssignmentsOnlyViewController.swift in Sources */,
				1693E735247A3DC4003D4702 /* CalendarViewController.swift in Sources */,
				B96E6A5C298323DD00A25457 /* DatabaseService.swift in Sources */,
				B90D13FD29845FE80093EB0C /* LogoSelectorViewController.swift in Sources */,
				B90D1449298C77B80093EB0C /* NotificationService.swift in Sources */,
				B90D13FC29845FE80093EB0C /* MasterForm.swift in Sources */,
				B97BB08229F7006E008F1A5B /* UserSettings.swift in Sources */,
				B97BB08429F74628008F1A5B /* Debuggable.swift in Sources */,
				1693E74E247A464F003D4702 /* Course.swift in Sources */,
				B90D13FE29845FE80093EB0C /* AddToDoListEventViewController.swift in Sources */,
				1697F7F0266C6B6D0064AB28 /* StartViewController.swift in Sources */,
				B97BB0AC2A022B30008F1A5B /* String_Extension.swift in Sources */,
				B90D140029845FE80093EB0C /* AddAssignmentViewController.swift in Sources */,
				161A69E524C7B84B00E5A5AE /* SettingsViewController.swift in Sources */,
				1649A46A27DEAD1900B75481 /* HeaderView.swift in Sources */,
				16429D07247E81630052E47C /* WakeUpIntroController.swift in Sources */,
				16827D1A27F58B9A0001D1EF /* AuthViewController.swift in Sources */,
				1693E746247A4152003D4702 /* CoursesViewController.swift in Sources */,
				16429D04247E43720052E47C /* Habit.swift in Sources */,
				16C05CF4264F37B8004C9629 /* RecurringEventCell.swift in Sources */,
				B90D13FF29845FE80093EB0C /* AlertTableViewController.swift in Sources */,
				16C05CF7264F3AF3004C9629 /* TestViewController.swift in Sources */,
				B97BB0B22A0399FB008F1A5B /* UIViewController_Extension.swift in Sources */,
				16C05CFA264F5ABC004C9629 /* AssignmentCell1.swift in Sources */,
				B90D1445298AFDE00093EB0C /* FormCell.swift in Sources */,
				168EE1C32655E2CF009A8001 /* RecurringStudiumEvent.swift in Sources */,
				B97BB0A72A00EA0D008F1A5B /* AppleCalendarService.swift in Sources */,
				B9A98C3229EECE5800D866A9 /* AutoscheduleService.swift in Sources */,
				B995493C2992EDD000442968 /* Completable.swift in Sources */,
				1686DB6B248267EC00FA99DB /* PickerTest.swift in Sources */,
				16A63B8424AA85A7003A30D3 /* OtherEventCell.swift in Sources */,
				16547B6D24DA4AC000E68E4D /* ThemesViewController.swift in Sources */,
				B97BB0AE2A022B37008F1A5B /* Date_Extension.swift in Sources */,
				16A63B8724AAD263003A30D3 /* DeletableEventCell.swift in Sources */,
				B90D144229899C310093EB0C /* Weekday.swift in Sources */,
				16C60FB225C5F7FB006D0FFC /* StudiumEvent.swift in Sources */,
				B90D1447298C6EA50093EB0C /* AuthenticationService.swift in Sources */,
				B995493F2992F0D400442968 /* StudiumEventListViewController.swift in Sources */,
				1693E74A247A41A5003D4702 /* DayScheduleViewController.swift in Sources */,
				166F53D125BC93320065963D /* TabBarController.swift in Sources */,
				1693E752247A487C003D4702 /* SwipeTableViewController.swift in Sources */,
				16A63B7C24A01289003A30D3 /* HabitCell.swift in Sources */,
				B96E6A9C298456A500A25457 /* K.swift in Sources */,
				B90D13FB29845FE80093EB0C /* AddCourseViewController.swift in Sources */,
				B97BB0B02A022B5C008F1A5B /* UIColor_Extension.swift in Sources */,
				164F62F324DF7BFC00DC8169 /* NotificationsController.swift in Sources */,
				16C60FEB25C76CE9006D0FFC /* RegisterViewController.swift in Sources */,
				B90D13FA29845FE80093EB0C /* AddHabitViewController.swift in Sources */,
				B9A98C2C29ECB56C00D866A9 /* UserDefaultsService.swift in Sources */,
				164905B727E18732002DE61D /* LoginViewController.swift in Sources */,
				B97BB09F2A00D19D008F1A5B /* MockAutoscheduleService.swift in Sources */,
				16A63B8124AA8059003A30D3 /* OtherEvent.swift in Sources */,
				B97BB0B72A075CB4008F1A5B /* DaySchedulable.swift in Sources */,
				B97BB0A12A00D29A008F1A5B /* MockDatabaseService.swift in Sources */,
				16E7B23027D1EF8D00AAE756 /* GenericTableViewCell.swift in Sources */,
				1693E750247A4660003D4702 /* Assignment.swift in Sources */,
				B97BB1672A0EF864008F1A5B /* AssignmentsViewController.swift in Sources */,
				B90D1440298999AB0093EB0C /* StudiumFormError.swift in Sources */,
				164F630124EA2E0900DC8169 /* FirstScreenViewController.swift in Sources */,
				1693E731247A3DC4003D4702 /* AppDelegate.swift in Sources */,
				165A6C79248A6F5C004279B0 /* CourseCell.swift in Sources */,
				1693E759247A59B2003D4702 /* ToDoListViewController.swift in Sources */,
				B9A98C2E29ECF9FA00D866A9 /* StudiumColor.swift in Sources */,
				1693E748247A417B003D4702 /* HabitsViewController.swift in Sources */,
				1693E733247A3DC4003D4702 /* SceneDelegate.swift in Sources */,
			);
			runOnlyForDeploymentPostprocessing = 0;
		};
		B97BB0902A00CBF9008F1A5B /* Sources */ = {
			isa = PBXSourcesBuildPhase;
			buildActionMask = 2147483647;
			files = (
				B97BB0972A00CBF9008F1A5B /* AutoscheduleServiceTests.swift in Sources */,
				B97BB0A32A00E248008F1A5B /* DateTests.swift in Sources */,
			);
			runOnlyForDeploymentPostprocessing = 0;
		};
/* End PBXSourcesBuildPhase section */

/* Begin PBXTargetDependency section */
		B97BB0992A00CBF9008F1A5B /* PBXTargetDependency */ = {
			isa = PBXTargetDependency;
			target = 1693E72C247A3DC4003D4702 /* Studium */;
			targetProxy = B97BB0982A00CBF9008F1A5B /* PBXContainerItemProxy */;
		};
/* End PBXTargetDependency section */

/* Begin PBXVariantGroup section */
		1693E736247A3DC4003D4702 /* Main.storyboard */ = {
			isa = PBXVariantGroup;
			children = (
				1693E737247A3DC4003D4702 /* Base */,
			);
			name = Main.storyboard;
			sourceTree = "<group>";
		};
		1693E73B247A3DC6003D4702 /* LaunchScreen.storyboard */ = {
			isa = PBXVariantGroup;
			children = (
				1693E73C247A3DC6003D4702 /* Base */,
			);
			name = LaunchScreen.storyboard;
			sourceTree = "<group>";
		};
/* End PBXVariantGroup section */

/* Begin XCBuildConfiguration section */
		1693E73F247A3DC6003D4702 /* Debug */ = {
			isa = XCBuildConfiguration;
			baseConfigurationReference = B97BB0B42A075964008F1A5B /* Secrets.xcconfig */;
			buildSettings = {
				ALWAYS_SEARCH_USER_PATHS = NO;
				CLANG_ANALYZER_NONNULL = YES;
				CLANG_ANALYZER_NUMBER_OBJECT_CONVERSION = YES_AGGRESSIVE;
				CLANG_CXX_LANGUAGE_STANDARD = "gnu++14";
				CLANG_CXX_LIBRARY = "libc++";
				CLANG_ENABLE_MODULES = YES;
				CLANG_ENABLE_OBJC_ARC = YES;
				CLANG_ENABLE_OBJC_WEAK = YES;
				CLANG_WARN_BLOCK_CAPTURE_AUTORELEASING = YES;
				CLANG_WARN_BOOL_CONVERSION = YES;
				CLANG_WARN_COMMA = YES;
				CLANG_WARN_CONSTANT_CONVERSION = YES;
				CLANG_WARN_DEPRECATED_OBJC_IMPLEMENTATIONS = YES;
				CLANG_WARN_DIRECT_OBJC_ISA_USAGE = YES_ERROR;
				CLANG_WARN_DOCUMENTATION_COMMENTS = YES;
				CLANG_WARN_EMPTY_BODY = YES;
				CLANG_WARN_ENUM_CONVERSION = YES;
				CLANG_WARN_INFINITE_RECURSION = YES;
				CLANG_WARN_INT_CONVERSION = YES;
				CLANG_WARN_NON_LITERAL_NULL_CONVERSION = YES;
				CLANG_WARN_OBJC_IMPLICIT_RETAIN_SELF = YES;
				CLANG_WARN_OBJC_LITERAL_CONVERSION = YES;
				CLANG_WARN_OBJC_ROOT_CLASS = YES_ERROR;
				CLANG_WARN_QUOTED_INCLUDE_IN_FRAMEWORK_HEADER = YES;
				CLANG_WARN_RANGE_LOOP_ANALYSIS = YES;
				CLANG_WARN_STRICT_PROTOTYPES = YES;
				CLANG_WARN_SUSPICIOUS_MOVE = YES;
				CLANG_WARN_UNGUARDED_AVAILABILITY = YES_AGGRESSIVE;
				CLANG_WARN_UNREACHABLE_CODE = YES;
				CLANG_WARN__DUPLICATE_METHOD_MATCH = YES;
				COPY_PHASE_STRIP = NO;
				DEBUG_INFORMATION_FORMAT = dwarf;
				ENABLE_STRICT_OBJC_MSGSEND = YES;
				ENABLE_TESTABILITY = YES;
				GCC_C_LANGUAGE_STANDARD = gnu11;
				GCC_DYNAMIC_NO_PIC = NO;
				GCC_NO_COMMON_BLOCKS = YES;
				GCC_OPTIMIZATION_LEVEL = 0;
				GCC_PREPROCESSOR_DEFINITIONS = (
					"DEBUG=1",
					"$(inherited)",
				);
				GCC_WARN_64_TO_32_BIT_CONVERSION = YES;
				GCC_WARN_ABOUT_RETURN_TYPE = YES_ERROR;
				GCC_WARN_UNDECLARED_SELECTOR = YES;
				GCC_WARN_UNINITIALIZED_AUTOS = YES_AGGRESSIVE;
				GCC_WARN_UNUSED_FUNCTION = YES;
				GCC_WARN_UNUSED_VARIABLE = YES;
				IPHONEOS_DEPLOYMENT_TARGET = 12.0;
				MTL_ENABLE_DEBUG_INFO = INCLUDE_SOURCE;
				MTL_FAST_MATH = YES;
				ONLY_ACTIVE_ARCH = YES;
				SDKROOT = iphoneos;
				SWIFT_ACTIVE_COMPILATION_CONDITIONS = DEBUG;
				SWIFT_OPTIMIZATION_LEVEL = "-Onone";
			};
			name = Debug;
		};
		1693E740247A3DC6003D4702 /* Release */ = {
			isa = XCBuildConfiguration;
			baseConfigurationReference = B97BB0B42A075964008F1A5B /* Secrets.xcconfig */;
			buildSettings = {
				ALWAYS_SEARCH_USER_PATHS = NO;
				CLANG_ANALYZER_NONNULL = YES;
				CLANG_ANALYZER_NUMBER_OBJECT_CONVERSION = YES_AGGRESSIVE;
				CLANG_CXX_LANGUAGE_STANDARD = "gnu++14";
				CLANG_CXX_LIBRARY = "libc++";
				CLANG_ENABLE_MODULES = YES;
				CLANG_ENABLE_OBJC_ARC = YES;
				CLANG_ENABLE_OBJC_WEAK = YES;
				CLANG_WARN_BLOCK_CAPTURE_AUTORELEASING = YES;
				CLANG_WARN_BOOL_CONVERSION = YES;
				CLANG_WARN_COMMA = YES;
				CLANG_WARN_CONSTANT_CONVERSION = YES;
				CLANG_WARN_DEPRECATED_OBJC_IMPLEMENTATIONS = YES;
				CLANG_WARN_DIRECT_OBJC_ISA_USAGE = YES_ERROR;
				CLANG_WARN_DOCUMENTATION_COMMENTS = YES;
				CLANG_WARN_EMPTY_BODY = YES;
				CLANG_WARN_ENUM_CONVERSION = YES;
				CLANG_WARN_INFINITE_RECURSION = YES;
				CLANG_WARN_INT_CONVERSION = YES;
				CLANG_WARN_NON_LITERAL_NULL_CONVERSION = YES;
				CLANG_WARN_OBJC_IMPLICIT_RETAIN_SELF = YES;
				CLANG_WARN_OBJC_LITERAL_CONVERSION = YES;
				CLANG_WARN_OBJC_ROOT_CLASS = YES_ERROR;
				CLANG_WARN_QUOTED_INCLUDE_IN_FRAMEWORK_HEADER = YES;
				CLANG_WARN_RANGE_LOOP_ANALYSIS = YES;
				CLANG_WARN_STRICT_PROTOTYPES = YES;
				CLANG_WARN_SUSPICIOUS_MOVE = YES;
				CLANG_WARN_UNGUARDED_AVAILABILITY = YES_AGGRESSIVE;
				CLANG_WARN_UNREACHABLE_CODE = YES;
				CLANG_WARN__DUPLICATE_METHOD_MATCH = YES;
				COPY_PHASE_STRIP = NO;
				DEBUG_INFORMATION_FORMAT = "dwarf-with-dsym";
				ENABLE_NS_ASSERTIONS = NO;
				ENABLE_STRICT_OBJC_MSGSEND = YES;
				GCC_C_LANGUAGE_STANDARD = gnu11;
				GCC_NO_COMMON_BLOCKS = YES;
				GCC_WARN_64_TO_32_BIT_CONVERSION = YES;
				GCC_WARN_ABOUT_RETURN_TYPE = YES_ERROR;
				GCC_WARN_UNDECLARED_SELECTOR = YES;
				GCC_WARN_UNINITIALIZED_AUTOS = YES_AGGRESSIVE;
				GCC_WARN_UNUSED_FUNCTION = YES;
				GCC_WARN_UNUSED_VARIABLE = YES;
				IPHONEOS_DEPLOYMENT_TARGET = 12.0;
				MTL_ENABLE_DEBUG_INFO = NO;
				MTL_FAST_MATH = YES;
				SDKROOT = iphoneos;
				SWIFT_COMPILATION_MODE = wholemodule;
				SWIFT_OPTIMIZATION_LEVEL = "-O";
				VALIDATE_PRODUCT = YES;
			};
			name = Release;
		};
		1693E742247A3DC6003D4702 /* Debug */ = {
			isa = XCBuildConfiguration;
			baseConfigurationReference = FD108DE721EFFA5F65BC9E17 /* Pods-Studium.debug.xcconfig */;
			buildSettings = {
				ASSETCATALOG_COMPILER_APPICON_NAME = AppIcon;
				CODE_SIGN_STYLE = Automatic;
				DEVELOPMENT_TEAM = VJUSE27PV3;
				EXCLUDED_ARCHS = "";
				FRAMEWORK_SEARCH_PATHS = (
					"$(inherited)",
					"$(PROJECT_DIR)/Pods/GoogleSignIn/Frameworks",
				);
				INFOPLIST_FILE = Studium/Info.plist;
				IPHONEOS_DEPLOYMENT_TARGET = 13.0;
				LD_RUNPATH_SEARCH_PATHS = (
					"$(inherited)",
					"@executable_path/Frameworks",
				);
				MARKETING_VERSION = 1.1;
				PRODUCT_BUNDLE_IDENTIFIER = com.vikramsingh.Studium;
				PRODUCT_NAME = "$(TARGET_NAME)";
				SWIFT_VERSION = 5.0;
				TARGETED_DEVICE_FAMILY = "1,2";
			};
			name = Debug;
		};
		1693E743247A3DC6003D4702 /* Release */ = {
			isa = XCBuildConfiguration;
			baseConfigurationReference = 916237789911EFDDFB48EFE4 /* Pods-Studium.release.xcconfig */;
			buildSettings = {
				ASSETCATALOG_COMPILER_APPICON_NAME = AppIcon;
				CODE_SIGN_STYLE = Automatic;
				DEVELOPMENT_TEAM = VJUSE27PV3;
				EXCLUDED_ARCHS = "";
				FRAMEWORK_SEARCH_PATHS = (
					"$(inherited)",
					"$(PROJECT_DIR)/Pods/GoogleSignIn/Frameworks",
				);
				INFOPLIST_FILE = Studium/Info.plist;
				IPHONEOS_DEPLOYMENT_TARGET = 13.0;
				LD_RUNPATH_SEARCH_PATHS = (
					"$(inherited)",
					"@executable_path/Frameworks",
				);
				MARKETING_VERSION = 1.1;
				PRODUCT_BUNDLE_IDENTIFIER = com.vikramsingh.Studium;
				PRODUCT_NAME = "$(TARGET_NAME)";
				SWIFT_VERSION = 5.0;
				TARGETED_DEVICE_FAMILY = "1,2";
			};
			name = Release;
		};
		B97BB09A2A00CBF9008F1A5B /* Debug */ = {
			isa = XCBuildConfiguration;
			buildSettings = {
				BUNDLE_LOADER = "$(TEST_HOST)";
				CLANG_CXX_LANGUAGE_STANDARD = "gnu++20";
				CODE_SIGN_STYLE = Automatic;
				CURRENT_PROJECT_VERSION = 1;
				DEVELOPMENT_TEAM = VJUSE27PV3;
				GENERATE_INFOPLIST_FILE = YES;
				IPHONEOS_DEPLOYMENT_TARGET = 16.4;
				MARKETING_VERSION = 1.0;
				PRODUCT_BUNDLE_IDENTIFIER = vikramsingh.StudiumTests;
				PRODUCT_NAME = "$(TARGET_NAME)";
				SWIFT_EMIT_LOC_STRINGS = NO;
				SWIFT_VERSION = 5.0;
				TARGETED_DEVICE_FAMILY = "1,2";
				TEST_HOST = "$(BUILT_PRODUCTS_DIR)/Studium.app/$(BUNDLE_EXECUTABLE_FOLDER_PATH)/Studium";
			};
			name = Debug;
		};
		B97BB09B2A00CBF9008F1A5B /* Release */ = {
			isa = XCBuildConfiguration;
			buildSettings = {
				BUNDLE_LOADER = "$(TEST_HOST)";
				CLANG_CXX_LANGUAGE_STANDARD = "gnu++20";
				CODE_SIGN_STYLE = Automatic;
				CURRENT_PROJECT_VERSION = 1;
				DEVELOPMENT_TEAM = VJUSE27PV3;
				GENERATE_INFOPLIST_FILE = YES;
				IPHONEOS_DEPLOYMENT_TARGET = 16.4;
				MARKETING_VERSION = 1.0;
				PRODUCT_BUNDLE_IDENTIFIER = vikramsingh.StudiumTests;
				PRODUCT_NAME = "$(TARGET_NAME)";
				SWIFT_EMIT_LOC_STRINGS = NO;
				SWIFT_VERSION = 5.0;
				TARGETED_DEVICE_FAMILY = "1,2";
				TEST_HOST = "$(BUILT_PRODUCTS_DIR)/Studium.app/$(BUNDLE_EXECUTABLE_FOLDER_PATH)/Studium";
			};
			name = Release;
		};
/* End XCBuildConfiguration section */

/* Begin XCConfigurationList section */
		1693E728247A3DC4003D4702 /* Build configuration list for PBXProject "Studium" */ = {
			isa = XCConfigurationList;
			buildConfigurations = (
				1693E73F247A3DC6003D4702 /* Debug */,
				1693E740247A3DC6003D4702 /* Release */,
			);
			defaultConfigurationIsVisible = 0;
			defaultConfigurationName = Release;
		};
		1693E741247A3DC6003D4702 /* Build configuration list for PBXNativeTarget "Studium" */ = {
			isa = XCConfigurationList;
			buildConfigurations = (
				1693E742247A3DC6003D4702 /* Debug */,
				1693E743247A3DC6003D4702 /* Release */,
			);
			defaultConfigurationIsVisible = 0;
			defaultConfigurationName = Release;
		};
		B97BB09C2A00CBF9008F1A5B /* Build configuration list for PBXNativeTarget "StudiumTests" */ = {
			isa = XCConfigurationList;
			buildConfigurations = (
				B97BB09A2A00CBF9008F1A5B /* Debug */,
				B97BB09B2A00CBF9008F1A5B /* Release */,
			);
			defaultConfigurationIsVisible = 0;
			defaultConfigurationName = Release;
		};
/* End XCConfigurationList section */

/* Begin XCSwiftPackageProductDependency section */
		B97BB1752A11A2EB008F1A5B /* TableViewFormKit */ = {
			isa = XCSwiftPackageProductDependency;
			productName = TableViewFormKit;
		};
/* End XCSwiftPackageProductDependency section */
	};
	rootObject = 1693E725247A3DC4003D4702 /* Project object */;
}
