// !$*UTF8*$!
{
	archiveVersion = 1;
	classes = {
	};
	objectVersion = 51;
	objects = {

/* Begin PBXBuildFile section */
		1693E731247A3DC4003D4702 /* AppDelegate.swift in Sources */ = {isa = PBXBuildFile; fileRef = 1693E730247A3DC4003D4702 /* AppDelegate.swift */; };
		1693E733247A3DC4003D4702 /* SceneDelegate.swift in Sources */ = {isa = PBXBuildFile; fileRef = 1693E732247A3DC4003D4702 /* SceneDelegate.swift */; };
		1693E735247A3DC4003D4702 /* CalendarViewController.swift in Sources */ = {isa = PBXBuildFile; fileRef = 1693E734247A3DC4003D4702 /* CalendarViewController.swift */; };
		1693E738247A3DC4003D4702 /* Main.storyboard in Resources */ = {isa = PBXBuildFile; fileRef = 1693E736247A3DC4003D4702 /* Main.storyboard */; };
		1693E73A247A3DC6003D4702 /* Assets.xcassets in Resources */ = {isa = PBXBuildFile; fileRef = 1693E739247A3DC6003D4702 /* Assets.xcassets */; };
		1693E73D247A3DC6003D4702 /* LaunchScreen.storyboard in Resources */ = {isa = PBXBuildFile; fileRef = 1693E73B247A3DC6003D4702 /* LaunchScreen.storyboard */; };
		1693E746247A4152003D4702 /* CoursesViewController.swift in Sources */ = {isa = PBXBuildFile; fileRef = 1693E745247A4152003D4702 /* CoursesViewController.swift */; };
		1693E748247A417B003D4702 /* HabitsViewController.swift in Sources */ = {isa = PBXBuildFile; fileRef = 1693E747247A417B003D4702 /* HabitsViewController.swift */; };
		1693E74A247A41A5003D4702 /* DayScheduleViewController.swift in Sources */ = {isa = PBXBuildFile; fileRef = 1693E749247A41A5003D4702 /* DayScheduleViewController.swift */; };
		1693E74E247A464F003D4702 /* Course.swift in Sources */ = {isa = PBXBuildFile; fileRef = 1693E74D247A464F003D4702 /* Course.swift */; };
		1693E750247A4660003D4702 /* Assignment.swift in Sources */ = {isa = PBXBuildFile; fileRef = 1693E74F247A4660003D4702 /* Assignment.swift */; };
		1693E752247A487C003D4702 /* SwipeTableViewController.swift in Sources */ = {isa = PBXBuildFile; fileRef = 1693E751247A487C003D4702 /* SwipeTableViewController.swift */; };
		1693E755247A4B64003D4702 /* K.swift in Sources */ = {isa = PBXBuildFile; fileRef = 1693E754247A4B64003D4702 /* K.swift */; };
		1693E757247A4BCB003D4702 /* AssignmentsViewController.swift in Sources */ = {isa = PBXBuildFile; fileRef = 1693E756247A4BCB003D4702 /* AssignmentsViewController.swift */; };
		1693E759247A59B2003D4702 /* AllAssignmentsViewController.swift in Sources */ = {isa = PBXBuildFile; fileRef = 1693E758247A59B2003D4702 /* AllAssignmentsViewController.swift */; };
		1693E75D247B56E8003D4702 /* AddCourseViewController.swift in Sources */ = {isa = PBXBuildFile; fileRef = 1693E75C247B56E8003D4702 /* AddCourseViewController.swift */; };
		16B51916247BD216005ED8E4 /* AddAssignmentViewController.swift in Sources */ = {isa = PBXBuildFile; fileRef = 16B51915247BD216005ED8E4 /* AddAssignmentViewController.swift */; };
		16B51918247BD8E1005ED8E4 /* GoogleService-Info.plist in Resources */ = {isa = PBXBuildFile; fileRef = 16B51917247BD8E1005ED8E4 /* GoogleService-Info.plist */; };
		16B5191A247BDA34005ED8E4 /* RegisterViewController.swift in Sources */ = {isa = PBXBuildFile; fileRef = 16B51919247BDA34005ED8E4 /* RegisterViewController.swift */; };
		16B5191C247BE2DE005ED8E4 /* LoginViewController.swift in Sources */ = {isa = PBXBuildFile; fileRef = 16B5191B247BE2DE005ED8E4 /* LoginViewController.swift */; };
		16B5191E247C80B7005ED8E4 /* CalendarEvent.swift in Sources */ = {isa = PBXBuildFile; fileRef = 16B5191D247C80B7005ED8E4 /* CalendarEvent.swift */; };
		B7810C2AA5191938B2C9F9FF /* Pods_Studium.framework in Frameworks */ = {isa = PBXBuildFile; fileRef = 8931957C3B09F5DC5FEDA685 /* Pods_Studium.framework */; };
/* End PBXBuildFile section */

/* Begin PBXFileReference section */
		1693E72D247A3DC4003D4702 /* Studium.app */ = {isa = PBXFileReference; explicitFileType = wrapper.application; includeInIndex = 0; path = Studium.app; sourceTree = BUILT_PRODUCTS_DIR; };
		1693E730247A3DC4003D4702 /* AppDelegate.swift */ = {isa = PBXFileReference; lastKnownFileType = sourcecode.swift; path = AppDelegate.swift; sourceTree = "<group>"; };
		1693E732247A3DC4003D4702 /* SceneDelegate.swift */ = {isa = PBXFileReference; lastKnownFileType = sourcecode.swift; path = SceneDelegate.swift; sourceTree = "<group>"; };
		1693E734247A3DC4003D4702 /* CalendarViewController.swift */ = {isa = PBXFileReference; lastKnownFileType = sourcecode.swift; path = CalendarViewController.swift; sourceTree = "<group>"; };
		1693E737247A3DC4003D4702 /* Base */ = {isa = PBXFileReference; lastKnownFileType = file.storyboard; name = Base; path = Base.lproj/Main.storyboard; sourceTree = "<group>"; };
		1693E739247A3DC6003D4702 /* Assets.xcassets */ = {isa = PBXFileReference; lastKnownFileType = folder.assetcatalog; path = Assets.xcassets; sourceTree = "<group>"; };
		1693E73C247A3DC6003D4702 /* Base */ = {isa = PBXFileReference; lastKnownFileType = file.storyboard; name = Base; path = Base.lproj/LaunchScreen.storyboard; sourceTree = "<group>"; };
		1693E73E247A3DC6003D4702 /* Info.plist */ = {isa = PBXFileReference; lastKnownFileType = text.plist.xml; path = Info.plist; sourceTree = "<group>"; };
		1693E745247A4152003D4702 /* CoursesViewController.swift */ = {isa = PBXFileReference; lastKnownFileType = sourcecode.swift; path = CoursesViewController.swift; sourceTree = "<group>"; };
		1693E747247A417B003D4702 /* HabitsViewController.swift */ = {isa = PBXFileReference; lastKnownFileType = sourcecode.swift; path = HabitsViewController.swift; sourceTree = "<group>"; };
		1693E749247A41A5003D4702 /* DayScheduleViewController.swift */ = {isa = PBXFileReference; lastKnownFileType = sourcecode.swift; path = DayScheduleViewController.swift; sourceTree = "<group>"; };
		1693E74D247A464F003D4702 /* Course.swift */ = {isa = PBXFileReference; lastKnownFileType = sourcecode.swift; path = Course.swift; sourceTree = "<group>"; };
		1693E74F247A4660003D4702 /* Assignment.swift */ = {isa = PBXFileReference; lastKnownFileType = sourcecode.swift; path = Assignment.swift; sourceTree = "<group>"; };
		1693E751247A487C003D4702 /* SwipeTableViewController.swift */ = {isa = PBXFileReference; lastKnownFileType = sourcecode.swift; path = SwipeTableViewController.swift; sourceTree = "<group>"; };
		1693E754247A4B64003D4702 /* K.swift */ = {isa = PBXFileReference; lastKnownFileType = sourcecode.swift; path = K.swift; sourceTree = "<group>"; };
		1693E756247A4BCB003D4702 /* AssignmentsViewController.swift */ = {isa = PBXFileReference; lastKnownFileType = sourcecode.swift; path = AssignmentsViewController.swift; sourceTree = "<group>"; };
		1693E758247A59B2003D4702 /* AllAssignmentsViewController.swift */ = {isa = PBXFileReference; lastKnownFileType = sourcecode.swift; path = AllAssignmentsViewController.swift; sourceTree = "<group>"; };
		1693E75C247B56E8003D4702 /* AddCourseViewController.swift */ = {isa = PBXFileReference; lastKnownFileType = sourcecode.swift; path = AddCourseViewController.swift; sourceTree = "<group>"; };
		16B51915247BD216005ED8E4 /* AddAssignmentViewController.swift */ = {isa = PBXFileReference; lastKnownFileType = sourcecode.swift; path = AddAssignmentViewController.swift; sourceTree = "<group>"; };
		16B51917247BD8E1005ED8E4 /* GoogleService-Info.plist */ = {isa = PBXFileReference; fileEncoding = 4; lastKnownFileType = text.plist.xml; path = "GoogleService-Info.plist"; sourceTree = "<group>"; };
		16B51919247BDA34005ED8E4 /* RegisterViewController.swift */ = {isa = PBXFileReference; lastKnownFileType = sourcecode.swift; path = RegisterViewController.swift; sourceTree = "<group>"; };
		16B5191B247BE2DE005ED8E4 /* LoginViewController.swift */ = {isa = PBXFileReference; lastKnownFileType = sourcecode.swift; path = LoginViewController.swift; sourceTree = "<group>"; };
		16B5191D247C80B7005ED8E4 /* CalendarEvent.swift */ = {isa = PBXFileReference; lastKnownFileType = sourcecode.swift; path = CalendarEvent.swift; sourceTree = "<group>"; };
		590DED44F57011227F29B5F9 /* Pods-Studium.debug.xcconfig */ = {isa = PBXFileReference; includeInIndex = 1; lastKnownFileType = text.xcconfig; name = "Pods-Studium.debug.xcconfig"; path = "Target Support Files/Pods-Studium/Pods-Studium.debug.xcconfig"; sourceTree = "<group>"; };
		8931957C3B09F5DC5FEDA685 /* Pods_Studium.framework */ = {isa = PBXFileReference; explicitFileType = wrapper.framework; includeInIndex = 0; path = Pods_Studium.framework; sourceTree = BUILT_PRODUCTS_DIR; };
		AD48365168FB43F6F74E35B6 /* Pods-Studium.release.xcconfig */ = {isa = PBXFileReference; includeInIndex = 1; lastKnownFileType = text.xcconfig; name = "Pods-Studium.release.xcconfig"; path = "Target Support Files/Pods-Studium/Pods-Studium.release.xcconfig"; sourceTree = "<group>"; };
/* End PBXFileReference section */

/* Begin PBXFrameworksBuildPhase section */
		1693E72A247A3DC4003D4702 /* Frameworks */ = {
			isa = PBXFrameworksBuildPhase;
			buildActionMask = 2147483647;
			files = (
				B7810C2AA5191938B2C9F9FF /* Pods_Studium.framework in Frameworks */,
			);
			runOnlyForDeploymentPostprocessing = 0;
		};
/* End PBXFrameworksBuildPhase section */

/* Begin PBXGroup section */
		1693E724247A3DC4003D4702 = {
			isa = PBXGroup;
			children = (
				1693E72F247A3DC4003D4702 /* Studium */,
				1693E72E247A3DC4003D4702 /* Products */,
				93B0DD225789CBCF8381CAD6 /* Pods */,
				8E6006EE7CC6D255D05E9EBF /* Frameworks */,
			);
			sourceTree = "<group>";
		};
		1693E72E247A3DC4003D4702 /* Products */ = {
			isa = PBXGroup;
			children = (
				1693E72D247A3DC4003D4702 /* Studium.app */,
			);
			name = Products;
			sourceTree = "<group>";
		};
		1693E72F247A3DC4003D4702 /* Studium */ = {
			isa = PBXGroup;
			children = (
				1693E730247A3DC4003D4702 /* AppDelegate.swift */,
				1693E732247A3DC4003D4702 /* SceneDelegate.swift */,
				1693E74C247A463D003D4702 /* Models */,
				1693E744247A413B003D4702 /* Controllers */,
				1693E74B247A4634003D4702 /* Views */,
				1693E739247A3DC6003D4702 /* Assets.xcassets */,
				1693E73E247A3DC6003D4702 /* Info.plist */,
				16B51917247BD8E1005ED8E4 /* GoogleService-Info.plist */,
				1693E754247A4B64003D4702 /* K.swift */,
			);
			path = Studium;
			sourceTree = "<group>";
		};
		1693E744247A413B003D4702 /* Controllers */ = {
			isa = PBXGroup;
			children = (
				16B5191F247CA064005ED8E4 /* Firebase Controllers */,
				1693E75B247A67CF003D4702 /* Framework Superclasses */,
				1693E75A247A67AC003D4702 /* Courses */,
				1693E753247A4885003D4702 /* Incomplete */,
			);
			path = Controllers;
			sourceTree = "<group>";
		};
		1693E74B247A4634003D4702 /* Views */ = {
			isa = PBXGroup;
			children = (
				1693E736247A3DC4003D4702 /* Main.storyboard */,
				1693E73B247A3DC6003D4702 /* LaunchScreen.storyboard */,
			);
			path = Views;
			sourceTree = "<group>";
		};
		1693E74C247A463D003D4702 /* Models */ = {
			isa = PBXGroup;
			children = (
				1693E74D247A464F003D4702 /* Course.swift */,
				1693E74F247A4660003D4702 /* Assignment.swift */,
				16B5191D247C80B7005ED8E4 /* CalendarEvent.swift */,
			);
			path = Models;
			sourceTree = "<group>";
		};
		1693E753247A4885003D4702 /* Incomplete */ = {
			isa = PBXGroup;
			children = (
				1693E734247A3DC4003D4702 /* CalendarViewController.swift */,
				1693E747247A417B003D4702 /* HabitsViewController.swift */,
				1693E749247A41A5003D4702 /* DayScheduleViewController.swift */,
			);
			path = Incomplete;
			sourceTree = "<group>";
		};
		1693E75A247A67AC003D4702 /* Courses */ = {
			isa = PBXGroup;
			children = (
				1693E745247A4152003D4702 /* CoursesViewController.swift */,
				1693E756247A4BCB003D4702 /* AssignmentsViewController.swift */,
				1693E758247A59B2003D4702 /* AllAssignmentsViewController.swift */,
				1693E75C247B56E8003D4702 /* AddCourseViewController.swift */,
				16B51915247BD216005ED8E4 /* AddAssignmentViewController.swift */,
			);
			path = Courses;
			sourceTree = "<group>";
		};
		1693E75B247A67CF003D4702 /* Framework Superclasses */ = {
			isa = PBXGroup;
			children = (
				1693E751247A487C003D4702 /* SwipeTableViewController.swift */,
			);
			path = "Framework Superclasses";
			sourceTree = "<group>";
		};
		16B5191F247CA064005ED8E4 /* Firebase Controllers */ = {
			isa = PBXGroup;
			children = (
				16B51919247BDA34005ED8E4 /* RegisterViewController.swift */,
				16B5191B247BE2DE005ED8E4 /* LoginViewController.swift */,
			);
			path = "Firebase Controllers";
			sourceTree = "<group>";
		};
		8E6006EE7CC6D255D05E9EBF /* Frameworks */ = {
			isa = PBXGroup;
			children = (
				8931957C3B09F5DC5FEDA685 /* Pods_Studium.framework */,
			);
			name = Frameworks;
			sourceTree = "<group>";
		};
		93B0DD225789CBCF8381CAD6 /* Pods */ = {
			isa = PBXGroup;
			children = (
				590DED44F57011227F29B5F9 /* Pods-Studium.debug.xcconfig */,
				AD48365168FB43F6F74E35B6 /* Pods-Studium.release.xcconfig */,
			);
			path = Pods;
			sourceTree = "<group>";
		};
/* End PBXGroup section */

/* Begin PBXNativeTarget section */
		1693E72C247A3DC4003D4702 /* Studium */ = {
			isa = PBXNativeTarget;
			buildConfigurationList = 1693E741247A3DC6003D4702 /* Build configuration list for PBXNativeTarget "Studium" */;
			buildPhases = (
				593DA2CDEC0FA2488589DF52 /* [CP] Check Pods Manifest.lock */,
				1693E729247A3DC4003D4702 /* Sources */,
				1693E72A247A3DC4003D4702 /* Frameworks */,
				1693E72B247A3DC4003D4702 /* Resources */,
				FE67BCE7A45700F01C1E38E5 /* [CP] Embed Pods Frameworks */,
			);
			buildRules = (
			);
			dependencies = (
			);
			name = Studium;
			productName = Studium;
			productReference = 1693E72D247A3DC4003D4702 /* Studium.app */;
			productType = "com.apple.product-type.application";
		};
/* End PBXNativeTarget section */

/* Begin PBXProject section */
		1693E725247A3DC4003D4702 /* Project object */ = {
			isa = PBXProject;
			attributes = {
				LastSwiftUpdateCheck = 1150;
				LastUpgradeCheck = 1150;
				ORGANIZATIONNAME = "Vikram Singh";
				TargetAttributes = {
					1693E72C247A3DC4003D4702 = {
						CreatedOnToolsVersion = 11.5;
					};
				};
			};
			buildConfigurationList = 1693E728247A3DC4003D4702 /* Build configuration list for PBXProject "Studium" */;
			compatibilityVersion = "Xcode 9.3";
			developmentRegion = en;
			hasScannedForEncodings = 0;
			knownRegions = (
				en,
				Base,
			);
			mainGroup = 1693E724247A3DC4003D4702;
			productRefGroup = 1693E72E247A3DC4003D4702 /* Products */;
			projectDirPath = "";
			projectRoot = "";
			targets = (
				1693E72C247A3DC4003D4702 /* Studium */,
			);
		};
/* End PBXProject section */

/* Begin PBXResourcesBuildPhase section */
		1693E72B247A3DC4003D4702 /* Resources */ = {
			isa = PBXResourcesBuildPhase;
			buildActionMask = 2147483647;
			files = (
				1693E73D247A3DC6003D4702 /* LaunchScreen.storyboard in Resources */,
				16B51918247BD8E1005ED8E4 /* GoogleService-Info.plist in Resources */,
				1693E73A247A3DC6003D4702 /* Assets.xcassets in Resources */,
				1693E738247A3DC4003D4702 /* Main.storyboard in Resources */,
			);
			runOnlyForDeploymentPostprocessing = 0;
		};
/* End PBXResourcesBuildPhase section */

/* Begin PBXShellScriptBuildPhase section */
		593DA2CDEC0FA2488589DF52 /* [CP] Check Pods Manifest.lock */ = {
			isa = PBXShellScriptBuildPhase;
			buildActionMask = 2147483647;
			files = (
			);
			inputFileListPaths = (
			);
			inputPaths = (
				"${PODS_PODFILE_DIR_PATH}/Podfile.lock",
				"${PODS_ROOT}/Manifest.lock",
			);
			name = "[CP] Check Pods Manifest.lock";
			outputFileListPaths = (
			);
			outputPaths = (
				"$(DERIVED_FILE_DIR)/Pods-Studium-checkManifestLockResult.txt",
			);
			runOnlyForDeploymentPostprocessing = 0;
			shellPath = /bin/sh;
			shellScript = "diff \"${PODS_PODFILE_DIR_PATH}/Podfile.lock\" \"${PODS_ROOT}/Manifest.lock\" > /dev/null\nif [ $? != 0 ] ; then\n    # print error to STDERR\n    echo \"error: The sandbox is not in sync with the Podfile.lock. Run 'pod install' or update your CocoaPods installation.\" >&2\n    exit 1\nfi\n# This output is used by Xcode 'outputs' to avoid re-running this script phase.\necho \"SUCCESS\" > \"${SCRIPT_OUTPUT_FILE_0}\"\n";
			showEnvVarsInLog = 0;
		};
		FE67BCE7A45700F01C1E38E5 /* [CP] Embed Pods Frameworks */ = {
			isa = PBXShellScriptBuildPhase;
			buildActionMask = 2147483647;
			files = (
			);
			inputFileListPaths = (
				"${PODS_ROOT}/Target Support Files/Pods-Studium/Pods-Studium-frameworks-${CONFIGURATION}-input-files.xcfilelist",
			);
			name = "[CP] Embed Pods Frameworks";
			outputFileListPaths = (
				"${PODS_ROOT}/Target Support Files/Pods-Studium/Pods-Studium-frameworks-${CONFIGURATION}-output-files.xcfilelist",
			);
			runOnlyForDeploymentPostprocessing = 0;
			shellPath = /bin/sh;
			shellScript = "\"${PODS_ROOT}/Target Support Files/Pods-Studium/Pods-Studium-frameworks.sh\"\n";
			showEnvVarsInLog = 0;
		};
/* End PBXShellScriptBuildPhase section */

/* Begin PBXSourcesBuildPhase section */
		1693E729247A3DC4003D4702 /* Sources */ = {
			isa = PBXSourcesBuildPhase;
			buildActionMask = 2147483647;
			files = (
				1693E757247A4BCB003D4702 /* AssignmentsViewController.swift in Sources */,
				1693E735247A3DC4003D4702 /* CalendarViewController.swift in Sources */,
				1693E755247A4B64003D4702 /* K.swift in Sources */,
				1693E74E247A464F003D4702 /* Course.swift in Sources */,
				1693E746247A4152003D4702 /* CoursesViewController.swift in Sources */,
				16B5191E247C80B7005ED8E4 /* CalendarEvent.swift in Sources */,
				16B51916247BD216005ED8E4 /* AddAssignmentViewController.swift in Sources */,
				16B5191A247BDA34005ED8E4 /* RegisterViewController.swift in Sources */,
				1693E74A247A41A5003D4702 /* DayScheduleViewController.swift in Sources */,
				1693E752247A487C003D4702 /* SwipeTableViewController.swift in Sources */,
				1693E750247A4660003D4702 /* Assignment.swift in Sources */,
				1693E731247A3DC4003D4702 /* AppDelegate.swift in Sources */,
				1693E75D247B56E8003D4702 /* AddCourseViewController.swift in Sources */,
				16B5191C247BE2DE005ED8E4 /* LoginViewController.swift in Sources */,
				1693E759247A59B2003D4702 /* AllAssignmentsViewController.swift in Sources */,
				1693E748247A417B003D4702 /* HabitsViewController.swift in Sources */,
				1693E733247A3DC4003D4702 /* SceneDelegate.swift in Sources */,
			);
			runOnlyForDeploymentPostprocessing = 0;
		};
/* End PBXSourcesBuildPhase section */

/* Begin PBXVariantGroup section */
		1693E736247A3DC4003D4702 /* Main.storyboard */ = {
			isa = PBXVariantGroup;
			children = (
				1693E737247A3DC4003D4702 /* Base */,
			);
			name = Main.storyboard;
			sourceTree = "<group>";
		};
		1693E73B247A3DC6003D4702 /* LaunchScreen.storyboard */ = {
			isa = PBXVariantGroup;
			children = (
				1693E73C247A3DC6003D4702 /* Base */,
			);
			name = LaunchScreen.storyboard;
			sourceTree = "<group>";
		};
/* End PBXVariantGroup section */

/* Begin XCBuildConfiguration section */
		1693E73F247A3DC6003D4702 /* Debug */ = {
			isa = XCBuildConfiguration;
			buildSettings = {
				ALWAYS_SEARCH_USER_PATHS = NO;
				CLANG_ANALYZER_NONNULL = YES;
				CLANG_ANALYZER_NUMBER_OBJECT_CONVERSION = YES_AGGRESSIVE;
				CLANG_CXX_LANGUAGE_STANDARD = "gnu++14";
				CLANG_CXX_LIBRARY = "libc++";
				CLANG_ENABLE_MODULES = YES;
				CLANG_ENABLE_OBJC_ARC = YES;
				CLANG_ENABLE_OBJC_WEAK = YES;
				CLANG_WARN_BLOCK_CAPTURE_AUTORELEASING = YES;
				CLANG_WARN_BOOL_CONVERSION = YES;
				CLANG_WARN_COMMA = YES;
				CLANG_WARN_CONSTANT_CONVERSION = YES;
				CLANG_WARN_DEPRECATED_OBJC_IMPLEMENTATIONS = YES;
				CLANG_WARN_DIRECT_OBJC_ISA_USAGE = YES_ERROR;
				CLANG_WARN_DOCUMENTATION_COMMENTS = YES;
				CLANG_WARN_EMPTY_BODY = YES;
				CLANG_WARN_ENUM_CONVERSION = YES;
				CLANG_WARN_INFINITE_RECURSION = YES;
				CLANG_WARN_INT_CONVERSION = YES;
				CLANG_WARN_NON_LITERAL_NULL_CONVERSION = YES;
				CLANG_WARN_OBJC_IMPLICIT_RETAIN_SELF = YES;
				CLANG_WARN_OBJC_LITERAL_CONVERSION = YES;
				CLANG_WARN_OBJC_ROOT_CLASS = YES_ERROR;
				CLANG_WARN_RANGE_LOOP_ANALYSIS = YES;
				CLANG_WARN_STRICT_PROTOTYPES = YES;
				CLANG_WARN_SUSPICIOUS_MOVE = YES;
				CLANG_WARN_UNGUARDED_AVAILABILITY = YES_AGGRESSIVE;
				CLANG_WARN_UNREACHABLE_CODE = YES;
				CLANG_WARN__DUPLICATE_METHOD_MATCH = YES;
				COPY_PHASE_STRIP = NO;
				DEBUG_INFORMATION_FORMAT = dwarf;
				ENABLE_STRICT_OBJC_MSGSEND = YES;
				ENABLE_TESTABILITY = YES;
				GCC_C_LANGUAGE_STANDARD = gnu11;
				GCC_DYNAMIC_NO_PIC = NO;
				GCC_NO_COMMON_BLOCKS = YES;
				GCC_OPTIMIZATION_LEVEL = 0;
				GCC_PREPROCESSOR_DEFINITIONS = (
					"DEBUG=1",
					"$(inherited)",
				);
				GCC_WARN_64_TO_32_BIT_CONVERSION = YES;
				GCC_WARN_ABOUT_RETURN_TYPE = YES_ERROR;
				GCC_WARN_UNDECLARED_SELECTOR = YES;
				GCC_WARN_UNINITIALIZED_AUTOS = YES_AGGRESSIVE;
				GCC_WARN_UNUSED_FUNCTION = YES;
				GCC_WARN_UNUSED_VARIABLE = YES;
				IPHONEOS_DEPLOYMENT_TARGET = 13.5;
				MTL_ENABLE_DEBUG_INFO = INCLUDE_SOURCE;
				MTL_FAST_MATH = YES;
				ONLY_ACTIVE_ARCH = YES;
				SDKROOT = iphoneos;
				SWIFT_ACTIVE_COMPILATION_CONDITIONS = DEBUG;
				SWIFT_OPTIMIZATION_LEVEL = "-Onone";
			};
			name = Debug;
		};
		1693E740247A3DC6003D4702 /* Release */ = {
			isa = XCBuildConfiguration;
			buildSettings = {
				ALWAYS_SEARCH_USER_PATHS = NO;
				CLANG_ANALYZER_NONNULL = YES;
				CLANG_ANALYZER_NUMBER_OBJECT_CONVERSION = YES_AGGRESSIVE;
				CLANG_CXX_LANGUAGE_STANDARD = "gnu++14";
				CLANG_CXX_LIBRARY = "libc++";
				CLANG_ENABLE_MODULES = YES;
				CLANG_ENABLE_OBJC_ARC = YES;
				CLANG_ENABLE_OBJC_WEAK = YES;
				CLANG_WARN_BLOCK_CAPTURE_AUTORELEASING = YES;
				CLANG_WARN_BOOL_CONVERSION = YES;
				CLANG_WARN_COMMA = YES;
				CLANG_WARN_CONSTANT_CONVERSION = YES;
				CLANG_WARN_DEPRECATED_OBJC_IMPLEMENTATIONS = YES;
				CLANG_WARN_DIRECT_OBJC_ISA_USAGE = YES_ERROR;
				CLANG_WARN_DOCUMENTATION_COMMENTS = YES;
				CLANG_WARN_EMPTY_BODY = YES;
				CLANG_WARN_ENUM_CONVERSION = YES;
				CLANG_WARN_INFINITE_RECURSION = YES;
				CLANG_WARN_INT_CONVERSION = YES;
				CLANG_WARN_NON_LITERAL_NULL_CONVERSION = YES;
				CLANG_WARN_OBJC_IMPLICIT_RETAIN_SELF = YES;
				CLANG_WARN_OBJC_LITERAL_CONVERSION = YES;
				CLANG_WARN_OBJC_ROOT_CLASS = YES_ERROR;
				CLANG_WARN_RANGE_LOOP_ANALYSIS = YES;
				CLANG_WARN_STRICT_PROTOTYPES = YES;
				CLANG_WARN_SUSPICIOUS_MOVE = YES;
				CLANG_WARN_UNGUARDED_AVAILABILITY = YES_AGGRESSIVE;
				CLANG_WARN_UNREACHABLE_CODE = YES;
				CLANG_WARN__DUPLICATE_METHOD_MATCH = YES;
				COPY_PHASE_STRIP = NO;
				DEBUG_INFORMATION_FORMAT = "dwarf-with-dsym";
				ENABLE_NS_ASSERTIONS = NO;
				ENABLE_STRICT_OBJC_MSGSEND = YES;
				GCC_C_LANGUAGE_STANDARD = gnu11;
				GCC_NO_COMMON_BLOCKS = YES;
				GCC_WARN_64_TO_32_BIT_CONVERSION = YES;
				GCC_WARN_ABOUT_RETURN_TYPE = YES_ERROR;
				GCC_WARN_UNDECLARED_SELECTOR = YES;
				GCC_WARN_UNINITIALIZED_AUTOS = YES_AGGRESSIVE;
				GCC_WARN_UNUSED_FUNCTION = YES;
				GCC_WARN_UNUSED_VARIABLE = YES;
				IPHONEOS_DEPLOYMENT_TARGET = 13.5;
				MTL_ENABLE_DEBUG_INFO = NO;
				MTL_FAST_MATH = YES;
				SDKROOT = iphoneos;
				SWIFT_COMPILATION_MODE = wholemodule;
				SWIFT_OPTIMIZATION_LEVEL = "-O";
				VALIDATE_PRODUCT = YES;
			};
			name = Release;
		};
		1693E742247A3DC6003D4702 /* Debug */ = {
			isa = XCBuildConfiguration;
			baseConfigurationReference = 590DED44F57011227F29B5F9 /* Pods-Studium.debug.xcconfig */;
			buildSettings = {
				ASSETCATALOG_COMPILER_APPICON_NAME = AppIcon;
				CODE_SIGN_STYLE = Automatic;
				DEVELOPMENT_TEAM = VJUSE27PV3;
				INFOPLIST_FILE = Studium/Info.plist;
				LD_RUNPATH_SEARCH_PATHS = (
					"$(inherited)",
					"@executable_path/Frameworks",
				);
				PRODUCT_BUNDLE_IDENTIFIER = com.vikramsingh.Studium;
				PRODUCT_NAME = "$(TARGET_NAME)";
				SWIFT_VERSION = 5.0;
				TARGETED_DEVICE_FAMILY = "1,2";
			};
			name = Debug;
		};
		1693E743247A3DC6003D4702 /* Release */ = {
			isa = XCBuildConfiguration;
			baseConfigurationReference = AD48365168FB43F6F74E35B6 /* Pods-Studium.release.xcconfig */;
			buildSettings = {
				ASSETCATALOG_COMPILER_APPICON_NAME = AppIcon;
				CODE_SIGN_STYLE = Automatic;
				DEVELOPMENT_TEAM = VJUSE27PV3;
				INFOPLIST_FILE = Studium/Info.plist;
				LD_RUNPATH_SEARCH_PATHS = (
					"$(inherited)",
					"@executable_path/Frameworks",
				);
				PRODUCT_BUNDLE_IDENTIFIER = com.vikramsingh.Studium;
				PRODUCT_NAME = "$(TARGET_NAME)";
				SWIFT_VERSION = 5.0;
				TARGETED_DEVICE_FAMILY = "1,2";
			};
			name = Release;
		};
/* End XCBuildConfiguration section */

/* Begin XCConfigurationList section */
		1693E728247A3DC4003D4702 /* Build configuration list for PBXProject "Studium" */ = {
			isa = XCConfigurationList;
			buildConfigurations = (
				1693E73F247A3DC6003D4702 /* Debug */,
				1693E740247A3DC6003D4702 /* Release */,
			);
			defaultConfigurationIsVisible = 0;
			defaultConfigurationName = Release;
		};
		1693E741247A3DC6003D4702 /* Build configuration list for PBXNativeTarget "Studium" */ = {
			isa = XCConfigurationList;
			buildConfigurations = (
				1693E742247A3DC6003D4702 /* Debug */,
				1693E743247A3DC6003D4702 /* Release */,
			);
			defaultConfigurationIsVisible = 0;
			defaultConfigurationName = Release;
		};
/* End XCConfigurationList section */
	};
	rootObject = 1693E725247A3DC4003D4702 /* Project object */;
}
