PODS:
  - CalendarKit (0.14.7)
  - ChameleonFramework/Default (2.1.0)
  - ChameleonFramework/Swift (2.1.0):
    - ChameleonFramework/Default
  - Colorful (3.0.0)
  - DateToolsSwift (5.0.0)
  - FlexColorPicker (1.4.2)
  - FSCalendar (2.8.2)
  - Realm (10.5.1):
    - Realm/Headers (= 10.5.1)
  - Realm/Headers (10.5.1)
  - RealmSwift (10.5.1):
    - Realm (= 10.5.1)
  - SwipeCellKit (2.7.1)

DEPENDENCIES:
  - CalendarKit
  - ChameleonFramework/Swift (from `https://github.com/wowansm/Chameleon.git`, branch `swift5`)
  - Colorful
  - DateToolsSwift
  - FlexColorPicker
  - FSCalendar
  - RealmSwift
  - SwipeCellKit

SPEC REPOS:
  trunk:
    - CalendarKit
    - Colorful
    - DateToolsSwift
    - FlexColorPicker
    - FSCalendar
    - Realm
    - RealmSwift
    - SwipeCellKit

EXTERNAL SOURCES:
  ChameleonFramework:
    :branch: swift5
    :git: https://github.com/wowansm/Chameleon.git

CHECKOUT OPTIONS:
  ChameleonFramework:
    :commit: 96d52c36a45847fff60bcff7a58fec1e4bd7390b
    :git: https://github.com/wowansm/Chameleon.git

SPEC CHECKSUMS:
  CalendarKit: 2352322e095c90645a5f22b4f6b1b1e8ca03f665
  ChameleonFramework: d21a3cc247abfe5e37609a283a8238b03575cf64
  Colorful: 9e093edacaa9fb73512ad9da157f0707b82d2542
  DateToolsSwift: 4207ada6ad615d8dc076323d27037c94916dbfa6
  FlexColorPicker: d7ed5cfd8ceb936f2930e4e30629f9448967a5f8
  FSCalendar: e6a2eb9c571bf0719ed797ef807e08426753c241
  Realm: 77fcb4e0b9f2963ea06f584749a0d7dc9cab95e1
  RealmSwift: 6abe6aa6cd8b70cc1a87afcb9232cabea74ff1ac
  SwipeCellKit: 3972254a826da74609926daf59b08d6c72e619ea

PODFILE CHECKSUM: f29687d1afbc6e02a271c7ecc1b61486de2d55ce

COCOAPODS: 1.10.1
