PODS:
  - CalendarKit (0.13.13):
    - DateToolsSwift
  - ChameleonFramework/Default (2.1.0)
  - ChameleonFramework/Swift (2.1.0):
    - ChameleonFramework/Default
  - Colorful (3.0.0)
  - DateToolsSwift (5.0.0)
  - FlexColorPicker (1.4.2)
  - FSCalendar (2.8.1)
  - Realm (5.4.1):
    - Realm/Headers (= 5.4.1)
  - Realm/Headers (5.4.1)
  - RealmSwift (5.4.1):
    - Realm (= 5.4.1)
  - SwipeCellKit (2.7.1)

DEPENDENCIES:
  - CalendarKit
  - ChameleonFramework/Swift (from `https://github.com/wowansm/Chameleon.git`, branch `swift5`)
  - Colorful
  - FlexColorPicker
  - FSCalendar
  - RealmSwift
  - SwipeCellKit

SPEC REPOS:
  trunk:
    - CalendarKit
    - Colorful
    - DateToolsSwift
    - FlexColorPicker
    - FSCalendar
    - Realm
    - RealmSwift
    - SwipeCellKit

EXTERNAL SOURCES:
  ChameleonFramework:
    :branch: swift5
    :git: https://github.com/wowansm/Chameleon.git

CHECKOUT OPTIONS:
  ChameleonFramework:
    :commit: 96d52c36a45847fff60bcff7a58fec1e4bd7390b
    :git: https://github.com/wowansm/Chameleon.git

SPEC CHECKSUMS:
  CalendarKit: 54944443a5cbd633a533b971408b00e879f54a7d
  ChameleonFramework: d21a3cc247abfe5e37609a283a8238b03575cf64
  Colorful: 9e093edacaa9fb73512ad9da157f0707b82d2542
  DateToolsSwift: 4207ada6ad615d8dc076323d27037c94916dbfa6
  FlexColorPicker: d7ed5cfd8ceb936f2930e4e30629f9448967a5f8
  FSCalendar: 5245140456fcbcac5824c203b98bd8068bdfee1a
  Realm: 7e887608ef1de2d0c3a33dd9b1449e08fc9d9807
  RealmSwift: ef998d9b678fd74e047c56ef4d99d9b77e87c1eb
  SwipeCellKit: 3972254a826da74609926daf59b08d6c72e619ea

PODFILE CHECKSUM: 60102e1d36d3e0e6984fd291ed2c84ee89aabc13

COCOAPODS: 1.9.1
