PODS:
  - AppAuth (1.4.0):
    - AppAuth/Core (= 1.4.0)
    - AppAuth/ExternalUserAgent (= 1.4.0)
  - AppAuth/Core (1.4.0)
  - AppAuth/ExternalUserAgent (1.4.0)
  - CalendarKit (1.0.18)
  - ChameleonFramework/Default (2.1.0)
  - ChameleonFramework/Swift (2.1.0):
    - ChameleonFramework/Default
  - Colorful (3.0.0)
  - DateToolsSwift (5.0.0)
  - FBAEMKit (13.0.0):
    - FBSDKCoreKit_Basics (= 13.0.0)
  - FBSDKCoreKit (13.0.0):
    - FBAEMKit (= 13.0.0)
    - FBSDKCoreKit_Basics (= 13.0.0)
  - FBSDKCoreKit_Basics (13.0.0)
  - FBSDKLoginKit (13.0.0):
    - FBSDKCoreKit (= 13.0.0)
  - FlexColorPicker (1.4.4)
  - FSCalendar (2.8.2)
  - GoogleSignIn (5.0.2):
    - AppAuth (~> 1.2)
    - GTMAppAuth (~> 1.0)
    - GTMSessionFetcher/Core (~> 1.1)
  - GTMAppAuth (1.2.2):
    - AppAuth/Core (~> 1.4)
    - GTMSessionFetcher/Core (~> 1.5)
  - GTMSessionFetcher/Core (1.7.0)
  - Realm (10.7.7):
    - Realm/Headers (= 10.7.7)
  - Realm/Headers (10.7.7)
  - RealmSwift (10.7.7):
    - Realm (= 10.7.7)
  - SwipeCellKit (2.7.1)

DEPENDENCIES:
  - CalendarKit (~> 1.0.6)
  - ChameleonFramework/Swift (from `https://github.com/wowansm/Chameleon.git`, branch `swift5`)
  - Colorful
  - DateToolsSwift
  - FBSDKLoginKit
  - FlexColorPicker (~> 1.4.2)
  - FSCalendar
  - GoogleSignIn (~> 5.0.2)
  - RealmSwift (~> 10.7.6)
  - SwipeCellKit

SPEC REPOS:
  trunk:
    - AppAuth
    - CalendarKit
    - Colorful
    - DateToolsSwift
    - FBAEMKit
    - FBSDKCoreKit
    - FBSDKCoreKit_Basics
    - FBSDKLoginKit
    - FlexColorPicker
    - FSCalendar
    - GoogleSignIn
    - GTMAppAuth
    - GTMSessionFetcher
    - Realm
    - RealmSwift
    - SwipeCellKit

EXTERNAL SOURCES:
  ChameleonFramework:
    :branch: swift5
    :git: https://github.com/wowansm/Chameleon.git

CHECKOUT OPTIONS:
  ChameleonFramework:
    :commit: 96d52c36a45847fff60bcff7a58fec1e4bd7390b
    :git: https://github.com/wowansm/Chameleon.git

SPEC CHECKSUMS:
  AppAuth: 31bcec809a638d7bd2f86ea8a52bd45f6e81e7c7
  CalendarKit: 9d1ca8a20e082948796ca1c7f359cee91f793317
  ChameleonFramework: d21a3cc247abfe5e37609a283a8238b03575cf64
  Colorful: 9e093edacaa9fb73512ad9da157f0707b82d2542
  DateToolsSwift: 4207ada6ad615d8dc076323d27037c94916dbfa6
  FBAEMKit: 11a0bcdc7a88e26ed764bcf56372afc6cbbbdcd9
  FBSDKCoreKit: 00e1e751257e1005304fa29cb683d2dfe008f41a
  FBSDKCoreKit_Basics: 96ec2ddb67a032e54f0754ea3d59db6f84f42389
  FBSDKLoginKit: 66ff4ddf372d9c3fc360e65ae048a47a482c29b9
  FlexColorPicker: ce72e0a9e0870815a0beba419ac3e09913401624
  FSCalendar: e6a2eb9c571bf0719ed797ef807e08426753c241
  GoogleSignIn: 7137d297ddc022a7e0aa4619c86d72c909fa7213
  GTMAppAuth: ad5c2b70b9a8689e1a04033c9369c4915bfcbe89
  GTMSessionFetcher: 43748f93435c2aa068b1cbe39655aaf600652e91
  Realm: 8010af8b7a576ba501729bcbc54a3cd1f1f7dca3
  RealmSwift: dc17e6d649c12a8996f9e962c3fe6cef356885c4
  SwipeCellKit: 3972254a826da74609926daf59b08d6c72e619ea

PODFILE CHECKSUM: bc3f014f771cfc02aee1d5d9b2910d61b104517c

COCOAPODS: 1.10.1
