{
  "pins" : [
    {
      "identity" : "flexcolorpicker",
      "kind" : "remoteSourceControl",
      "location" : "https://github.com/RastislavMirek/FlexColorPicker.git",
      "state" : {
        "revision" : "72a5c2c5e28074e6c5f13efe3c98eb780ae2f906",
        "version" : "1.4.4"
      }
    }
  ],
  "version" : 2
}
